// !$*UTF8*$!
{
	archiveVersion = 1;
	classes = {
	};
	objectVersion = 50;
	objects = {

/* Begin PBXBuildFile section */
		55414EDE21DE633B006ED3AB /* AppDelegate.m in Sources */ = {isa = PBXBuildFile; fileRef = 55414EDD21DE633B006ED3AB /* AppDelegate.m */; };
		55414EE121DE633B006ED3AB /* ViewController.m in Sources */ = {isa = PBXBuildFile; fileRef = 55414EE021DE633B006ED3AB /* ViewController.m */; };
		55414EE421DE633B006ED3AB /* Main.storyboard in Resources */ = {isa = PBXBuildFile; fileRef = 55414EE221DE633B006ED3AB /* Main.storyboard */; };
		55414EE621DE633E006ED3AB /* Assets.xcassets in Resources */ = {isa = PBXBuildFile; fileRef = 55414EE521DE633E006ED3AB /* Assets.xcassets */; };
		55414EE921DE633E006ED3AB /* LaunchScreen.storyboard in Resources */ = {isa = PBXBuildFile; fileRef = 55414EE721DE633E006ED3AB /* LaunchScreen.storyboard */; };
		55414EEC21DE633E006ED3AB /* main.m in Sources */ = {isa = PBXBuildFile; fileRef = 55414EEB21DE633E006ED3AB /* main.m */; };
/* End PBXBuildFile section */

/* Begin PBXFileReference section */
		55414ED921DE633B006ED3AB /* JSDNaturalNumber.app */ = {isa = PBXFileReference; explicitFileType = wrapper.application; includeInIndex = 0; path = JSDNaturalNumber.app; sourceTree = BUILT_PRODUCTS_DIR; };
		55414EDC21DE633B006ED3AB /* AppDelegate.h */ = {isa = PBXFileReference; lastKnownFileType = sourcecode.c.h; path = AppDelegate.h; sourceTree = "<group>"; };
		55414EDD21DE633B006ED3AB /* AppDelegate.m */ = {isa = PBXFileReference; lastKnownFileType = sourcecode.c.objc; path = AppDelegate.m; sourceTree = "<group>"; };
		55414EDF21DE633B006ED3AB /* ViewController.h */ = {isa = PBXFileReference; lastKnownFileType = sourcecode.c.h; path = ViewController.h; sourceTree = "<group>"; };
		55414EE021DE633B006ED3AB /* ViewController.m */ = {isa = PBXFileReference; lastKnownFileType = sourcecode.c.objc; path = ViewController.m; sourceTree = "<group>"; };
		55414EE321DE633B006ED3AB /* Base */ = {isa = PBXFileReference; lastKnownFileType = file.storyboard; name = Base; path = Base.lproj/Main.storyboard; sourceTree = "<group>"; };
		55414EE521DE633E006ED3AB /* Assets.xcassets */ = {isa = PBXFileReference; lastKnownFileType = folder.assetcatalog; path = Assets.xcassets; sourceTree = "<group>"; };
		55414EE821DE633E006ED3AB /* Base */ = {isa = PBXFileReference; lastKnownFileType = file.storyboard; name = Base; path = Base.lproj/LaunchScreen.storyboard; sourceTree = "<group>"; };
		55414EEA21DE633E006ED3AB /* Info.plist */ = {isa = PBXFileReference; lastKnownFileType = text.plist.xml; path = Info.plist; sourceTree = "<group>"; };
		55414EEB21DE633E006ED3AB /* main.m */ = {isa = PBXFileReference; lastKnownFileType = sourcecode.c.objc; path = main.m; sourceTree = "<group>"; };
/* End PBXFileReference section */

/* Begin PBXFrameworksBuildPhase section */
		55414ED621DE633B006ED3AB /* Frameworks */ = {
			isa = PBXFrameworksBuildPhase;
			buildActionMask = 2147483647;
			files = (
			);
			runOnlyForDeploymentPostprocessing = 0;
		};
/* End PBXFrameworksBuildPhase section */

/* Begin PBXGroup section */
		55414ED021DE633B006ED3AB = {
			isa = PBXGroup;
			children = (
				55414EDB21DE633B006ED3AB /* JSDNaturalNumber */,
				55414EDA21DE633B006ED3AB /* Products */,
			);
			sourceTree = "<group>";
		};
		55414EDA21DE633B006ED3AB /* Products */ = {
			isa = PBXGroup;
			children = (
				55414ED921DE633B006ED3AB /* JSDNaturalNumber.app */,
			);
			name = Products;
			sourceTree = "<group>";
		};
		55414EDB21DE633B006ED3AB /* JSDNaturalNumber */ = {
			isa = PBXGroup;
			children = (
				55414EDC21DE633B006ED3AB /* AppDelegate.h */,
				55414EDD21DE633B006ED3AB /* AppDelegate.m */,
				55414EDF21DE633B006ED3AB /* ViewController.h */,
				55414EE021DE633B006ED3AB /* ViewController.m */,
				55414EE221DE633B006ED3AB /* Main.storyboard */,
				55414EE521DE633E006ED3AB /* Assets.xcassets */,
				55414EE721DE633E006ED3AB /* LaunchScreen.storyboard */,
				55414EEA21DE633E006ED3AB /* Info.plist */,
				55414EEB21DE633E006ED3AB /* main.m */,
			);
			path = JSDNaturalNumber;
			sourceTree = "<group>";
		};
/* End PBXGroup section */

/* Begin PBXNativeTarget section */
		55414ED821DE633B006ED3AB /* JSDNaturalNumber */ = {
			isa = PBXNativeTarget;
			buildConfigurationList = 55414EEF21DE633E006ED3AB /* Build configuration list for PBXNativeTarget "JSDNaturalNumber" */;
			buildPhases = (
				55414ED521DE633B006ED3AB /* Sources */,
				55414ED621DE633B006ED3AB /* Frameworks */,
				55414ED721DE633B006ED3AB /* Resources */,
			);
			buildRules = (
			);
			dependencies = (
			);
			name = JSDNaturalNumber;
			productName = JSDNaturalNumber;
			productReference = 55414ED921DE633B006ED3AB /* JSDNaturalNumber.app */;
			productType = "com.apple.product-type.application";
		};
/* End PBXNativeTarget section */

/* Begin PBXProject section */
		55414ED121DE633B006ED3AB /* Project object */ = {
			isa = PBXProject;
			attributes = {
				LastUpgradeCheck = 1010;
				ORGANIZATIONNAME = Jersey;
				TargetAttributes = {
					55414ED821DE633B006ED3AB = {
						CreatedOnToolsVersion = 10.1;
					};
				};
			};
			buildConfigurationList = 55414ED421DE633B006ED3AB /* Build configuration list for PBXProject "JSDNaturalNumber" */;
			compatibilityVersion = "Xcode 9.3";
			developmentRegion = en;
			hasScannedForEncodings = 0;
			knownRegions = (
				en,
				Base,
			);
			mainGroup = 55414ED021DE633B006ED3AB;
			productRefGroup = 55414EDA21DE633B006ED3AB /* Products */;
			projectDirPath = "";
			projectRoot = "";
			targets = (
				55414ED821DE633B006ED3AB /* JSDNaturalNumber */,
			);
		};
/* End PBXProject section */

/* Begin PBXResourcesBuildPhase section */
		55414ED721DE633B006ED3AB /* Resources */ = {
			isa = PBXResourcesBuildPhase;
			buildActionMask = 2147483647;
			files = (
				55414EE921DE633E006ED3AB /* LaunchScreen.storyboard in Resources */,
				55414EE621DE633E006ED3AB /* Assets.xcassets in Resources */,
				55414EE421DE633B006ED3AB /* Main.storyboard in Resources */,
			);
			runOnlyForDeploymentPostprocessing = 0;
		};
/* End PBXResourcesBuildPhase section */

/* Begin PBXSourcesBuildPhase section */
		55414ED521DE633B006ED3AB /* Sources */ = {
			isa = PBXSourcesBuildPhase;
			buildActionMask = 2147483647;
			files = (
				55414EE121DE633B006ED3AB /* ViewController.m in Sources */,
				55414EEC21DE633E006ED3AB /* main.m in Sources */,
				55414EDE21DE633B006ED3AB /* AppDelegate.m in Sources */,
			);
			runOnlyForDeploymentPostprocessing = 0;
		};
/* End PBXSourcesBuildPhase section */

/* Begin PBXVariantGroup section */
		55414EE221DE633B006ED3AB /* Main.storyboard */ = {
			isa = PBXVariantGroup;
			children = (
				55414EE321DE633B006ED3AB /* Base */,
			);
			name = Main.storyboard;
			sourceTree = "<group>";
		};
		55414EE721DE633E006ED3AB /* LaunchScreen.storyboard */ = {
			isa = PBXVariantGroup;
			children = (
				55414EE821DE633E006ED3AB /* Base */,
			);
			name = LaunchScreen.storyboard;
			sourceTree = "<group>";
		};
/* End PBXVariantGroup section */

/* Begin XCBuildConfiguration section */
		55414EED21DE633E006ED3AB /* Debug */ = {
			isa = XCBuildConfiguration;
			buildSettings = {
				ALWAYS_SEARCH_USER_PATHS = NO;
				CLANG_ANALYZER_NONNULL = YES;
				CLANG_ANALYZER_NUMBER_OBJECT_CONVERSION = YES_AGGRESSIVE;
				CLANG_CXX_LANGUAGE_STANDARD = "gnu++14";
				CLANG_CXX_LIBRARY = "libc++";
				CLANG_ENABLE_MODULES = YES;
				CLANG_ENABLE_OBJC_ARC = YES;
				CLANG_ENABLE_OBJC_WEAK = YES;
				CLANG_WARN_BLOCK_CAPTURE_AUTORELEASING = YES;
				CLANG_WARN_BOOL_CONVERSION = YES;
				CLANG_WARN_COMMA = YES;
				CLANG_WARN_CONSTANT_CONVERSION = YES;
				CLANG_WARN_DEPRECATED_OBJC_IMPLEMENTATIONS = YES;
				CLANG_WARN_DIRECT_OBJC_ISA_USAGE = YES_ERROR;
				CLANG_WARN_DOCUMENTATION_COMMENTS = YES;
				CLANG_WARN_EMPTY_BODY = YES;
				CLANG_WARN_ENUM_CONVERSION = YES;
				CLANG_WARN_INFINITE_RECURSION = YES;
				CLANG_WARN_INT_CONVERSION = YES;
				CLANG_WARN_NON_LITERAL_NULL_CONVERSION = YES;
				CLANG_WARN_OBJC_IMPLICIT_RETAIN_SELF = YES;
				CLANG_WARN_OBJC_LITERAL_CONVERSION = YES;
				CLANG_WARN_OBJC_ROOT_CLASS = YES_ERROR;
				CLANG_WARN_RANGE_LOOP_ANALYSIS = YES;
				CLANG_WARN_STRICT_PROTOTYPES = YES;
				CLANG_WARN_SUSPICIOUS_MOVE = YES;
				CLANG_WARN_UNGUARDED_AVAILABILITY = YES_AGGRESSIVE;
				CLANG_WARN_UNREACHABLE_CODE = YES;
				CLANG_WARN__DUPLICATE_METHOD_MATCH = YES;
				CODE_SIGN_IDENTITY = "iPhone Developer";
				COPY_PHASE_STRIP = NO;
				DEBUG_INFORMATION_FORMAT = dwarf;
				ENABLE_STRICT_OBJC_MSGSEND = YES;
				ENABLE_TESTABILITY = YES;
				GCC_C_LANGUAGE_STANDARD = gnu11;
				GCC_DYNAMIC_NO_PIC = NO;
				GCC_NO_COMMON_BLOCKS = YES;
				GCC_OPTIMIZATION_LEVEL = 0;
				GCC_PREPROCESSOR_DEFINITIONS = (
					"DEBUG=1",
					"$(inherited)",
				);
				GCC_WARN_64_TO_32_BIT_CONVERSION = YES;
				GCC_WARN_ABOUT_RETURN_TYPE = YES_ERROR;
				GCC_WARN_UNDECLARED_SELECTOR = YES;
				GCC_WARN_UNINITIALIZED_AUTOS = YES_AGGRESSIVE;
				GCC_WARN_UNUSED_FUNCTION = YES;
				GCC_WARN_UNUSED_VARIABLE = YES;
				IPHONEOS_DEPLOYMENT_TARGET = 12.1;
				MTL_ENABLE_DEBUG_INFO = INCLUDE_SOURCE;
				MTL_FAST_MATH = YES;
				ONLY_ACTIVE_ARCH = YES;
				SDKROOT = iphoneos;
			};
			name = Debug;
		};
		55414EEE21DE633E006ED3AB /* Release */ = {
			isa = XCBuildConfiguration;
			buildSettings = {
				ALWAYS_SEARCH_USER_PATHS = NO;
				CLANG_ANALYZER_NONNULL = YES;
				CLANG_ANALYZER_NUMBER_OBJECT_CONVERSION = YES_AGGRESSIVE;
				CLANG_CXX_LANGUAGE_STANDARD = "gnu++14";
				CLANG_CXX_LIBRARY = "libc++";
				CLANG_ENABLE_MODULES = YES;
				CLANG_ENABLE_OBJC_ARC = YES;
				CLANG_ENABLE_OBJC_WEAK = YES;
				CLANG_WARN_BLOCK_CAPTURE_AUTORELEASING = YES;
				CLANG_WARN_BOOL_CONVERSION = YES;
				CLANG_WARN_COMMA = YES;
				CLANG_WARN_CONSTANT_CONVERSION = YES;
				CLANG_WARN_DEPRECATED_OBJC_IMPLEMENTATIONS = YES;
				CLANG_WARN_DIRECT_OBJC_ISA_USAGE = YES_ERROR;
				CLANG_WARN_DOCUMENTATION_COMMENTS = YES;
				CLANG_WARN_EMPTY_BODY = YES;
				CLANG_WARN_ENUM_CONVERSION = YES;
				CLANG_WARN_INFINITE_RECURSION = YES;
				CLANG_WARN_INT_CONVERSION = YES;
				CLANG_WARN_NON_LITERAL_NULL_CONVERSION = YES;
				CLANG_WARN_OBJC_IMPLICIT_RETAIN_SELF = YES;
				CLANG_WARN_OBJC_LITERAL_CONVERSION = YES;
				CLANG_WARN_OBJC_ROOT_CLASS = YES_ERROR;
				CLANG_WARN_RANGE_LOOP_ANALYSIS = YES;
				CLANG_WARN_STRICT_PROTOTYPES = YES;
				CLANG_WARN_SUSPICIOUS_MOVE = YES;
				CLANG_WARN_UNGUARDED_AVAILABILITY = YES_AGGRESSIVE;
				CLANG_WARN_UNREACHABLE_CODE = YES;
				CLANG_WARN__DUPLICATE_METHOD_MATCH = YES;
				CODE_SIGN_IDENTITY = "iPhone Developer";
				COPY_PHASE_STRIP = NO;
				DEBUG_INFORMATION_FORMAT = "dwarf-with-dsym";
				ENABLE_NS_ASSERTIONS = NO;
				ENABLE_STRICT_OBJC_MSGSEND = YES;
				GCC_C_LANGUAGE_STANDARD = gnu11;
				GCC_NO_COMMON_BLOCKS = YES;
				GCC_WARN_64_TO_32_BIT_CONVERSION = YES;
				GCC_WARN_ABOUT_RETURN_TYPE = YES_ERROR;
				GCC_WARN_UNDECLARED_SELECTOR = YES;
				GCC_WARN_UNINITIALIZED_AUTOS = YES_AGGRESSIVE;
				GCC_WARN_UNUSED_FUNCTION = YES;
				GCC_WARN_UNUSED_VARIABLE = YES;
				IPHONEOS_DEPLOYMENT_TARGET = 12.1;
				MTL_ENABLE_DEBUG_INFO = NO;
				MTL_FAST_MATH = YES;
				SDKROOT = iphoneos;
				VALIDATE_PRODUCT = YES;
			};
			name = Release;
		};
		55414EF021DE633E006ED3AB /* Debug */ = {
			isa = XCBuildConfiguration;
			buildSettings = {
				ASSETCATALOG_COMPILER_APPICON_NAME = AppIcon;
				CODE_SIGN_STYLE = Automatic;
				DEVELOPMENT_TEAM = J4D5D57QCL;
				INFOPLIST_FILE = JSDNaturalNumber/Info.plist;
				LD_RUNPATH_SEARCH_PATHS = (
					"$(inherited)",
					"@executable_path/Frameworks",
				);
				PRODUCT_BUNDLE_IDENTIFIER = com.jerseyCafe.JSDNaturalNumber;
				PRODUCT_NAME = "$(TARGET_NAME)";
				TARGETED_DEVICE_FAMILY = "1,2";
			};
			name = Debug;
		};
		55414EF121DE633E006ED3AB /* Release */ = {
			isa = XCBuildConfiguration;
			buildSettings = {
				ASSETCATALOG_COMPILER_APPICON_NAME = AppIcon;
				CODE_SIGN_STYLE = Automatic;
				DEVELOPMENT_TEAM = J4D5D57QCL;
				INFOPLIST_FILE = JSDNaturalNumber/Info.plist;
				LD_RUNPATH_SEARCH_PATHS = (
					"$(inherited)",
					"@executable_path/Frameworks",
				);
				PRODUCT_BUNDLE_IDENTIFIER = com.jerseyCafe.JSDNaturalNumber;
				PRODUCT_NAME = "$(TARGET_NAME)";
				TARGETED_DEVICE_FAMILY = "1,2";
			};
			name = Release;
		};
/* End XCBuildConfiguration section */

/* Begin XCConfigurationList section */
		55414ED421DE633B006ED3AB /* Build configuration list for PBXProject "JSDNaturalNumber" */ = {
			isa = XCConfigurationList;
			buildConfigurations = (
				55414EED21DE633E006ED3AB /* Debug */,
				55414EEE21DE633E006ED3AB /* Release */,
			);
			defaultConfigurationIsVisible = 0;
			defaultConfigurationName = Release;
		};
		55414EEF21DE633E006ED3AB /* Build configuration list for PBXNativeTarget "JSDNaturalNumber" */ = {
			isa = XCConfigurationList;
			buildConfigurations = (
				55414EF021DE633E006ED3AB /* Debug */,
				55414EF121DE633E006ED3AB /* Release */,
			);
			defaultConfigurationIsVisible = 0;
			defaultConfigurationName = Release;
		};
/* End XCConfigurationList section */
	};
	rootObject = 55414ED121DE633B006ED3AB /* Project object */;
}
