// !$*UTF8*$!
{
	archiveVersion = 1;
	classes = {
	};
	objectVersion = 53;
	objects = {

/* Begin PBXBuildFile section */
		04BF983326A8038B00757E67 /* UserFollowInfoApi.swift in Sources */ = {isa = PBXBuildFile; fileRef = 04BF983226A8038B00757E67 /* UserFollowInfoApi.swift */; };
		5411AFF9654050CCF4A03591 /* Pods_JSDAsyncAwait_JSDAsyncAwaitUITests.framework in Frameworks */ = {isa = PBXBuildFile; fileRef = A4946271157B8266F12BA5CA /* Pods_JSDAsyncAwait_JSDAsyncAwaitUITests.framework */; };
		B151CD795F8160A93E395449 /* Pods_JSDAsyncAwaitTests.framework in Frameworks */ = {isa = PBXBuildFile; fileRef = 74560DFDF51D3C670ECBF39B /* Pods_JSDAsyncAwaitTests.framework */; };
		B428B8CC269F2CE5002325A2 /* AppDelegate.swift in Sources */ = {isa = PBXBuildFile; fileRef = B428B8CB269F2CE5002325A2 /* AppDelegate.swift */; };
		B428B8CE269F2CE5002325A2 /* SceneDelegate.swift in Sources */ = {isa = PBXBuildFile; fileRef = B428B8CD269F2CE5002325A2 /* SceneDelegate.swift */; };
		B428B8D0269F2CE5002325A2 /* ViewController.swift in Sources */ = {isa = PBXBuildFile; fileRef = B428B8CF269F2CE5002325A2 /* ViewController.swift */; };
		B428B8D3269F2CE5002325A2 /* Main.storyboard in Resources */ = {isa = PBXBuildFile; fileRef = B428B8D1269F2CE5002325A2 /* Main.storyboard */; };
		B428B8D5269F2CE7002325A2 /* Assets.xcassets in Resources */ = {isa = PBXBuildFile; fileRef = B428B8D4269F2CE7002325A2 /* Assets.xcassets */; };
		B428B8D8269F2CE7002325A2 /* LaunchScreen.storyboard in Resources */ = {isa = PBXBuildFile; fileRef = B428B8D6269F2CE7002325A2 /* LaunchScreen.storyboard */; };
		B428B8E3269F2CE7002325A2 /* JSDAsyncAwaitTests.swift in Sources */ = {isa = PBXBuildFile; fileRef = B428B8E2269F2CE7002325A2 /* JSDAsyncAwaitTests.swift */; };
		B428B8ED269F2CE7002325A2 /* JSDAsyncAwaitUITests.swift in Sources */ = {isa = PBXBuildFile; fileRef = B428B8EC269F2CE7002325A2 /* JSDAsyncAwaitUITests.swift */; };
		C17DFD360FCAC1BE805C2FA2 /* Pods_JSDAsyncAwait.framework in Frameworks */ = {isa = PBXBuildFile; fileRef = 65BCE4BC9B4EC067B3B16DBD /* Pods_JSDAsyncAwait.framework */; };
/* End PBXBuildFile section */

/* Begin PBXContainerItemProxy section */
		B428B8DF269F2CE7002325A2 /* PBXContainerItemProxy */ = {
			isa = PBXContainerItemProxy;
			containerPortal = B428B8C0269F2CE5002325A2 /* Project object */;
			proxyType = 1;
			remoteGlobalIDString = B428B8C7269F2CE5002325A2;
			remoteInfo = JSDAsyncAwait;
		};
		B428B8E9269F2CE7002325A2 /* PBXContainerItemProxy */ = {
			isa = PBXContainerItemProxy;
			containerPortal = B428B8C0269F2CE5002325A2 /* Project object */;
			proxyType = 1;
			remoteGlobalIDString = B428B8C7269F2CE5002325A2;
			remoteInfo = JSDAsyncAwait;
		};
/* End PBXContainerItemProxy section */

/* Begin PBXFileReference section */
		04BF983226A8038B00757E67 /* UserFollowInfoApi.swift */ = {isa = PBXFileReference; fileEncoding = 4; lastKnownFileType = sourcecode.swift; path = UserFollowInfoApi.swift; sourceTree = "<group>"; };
		5481A6D8CEF42F3732BAAC99 /* Pods-JSDAsyncAwaitTests.debug.xcconfig */ = {isa = PBXFileReference; includeInIndex = 1; lastKnownFileType = text.xcconfig; name = "Pods-JSDAsyncAwaitTests.debug.xcconfig"; path = "Target Support Files/Pods-JSDAsyncAwaitTests/Pods-JSDAsyncAwaitTests.debug.xcconfig"; sourceTree = "<group>"; };
		61D9C1ADE76FB7C40D4645CC /* Pods-JSDAsyncAwait-JSDAsyncAwaitUITests.release.xcconfig */ = {isa = PBXFileReference; includeInIndex = 1; lastKnownFileType = text.xcconfig; name = "Pods-JSDAsyncAwait-JSDAsyncAwaitUITests.release.xcconfig"; path = "Target Support Files/Pods-JSDAsyncAwait-JSDAsyncAwaitUITests/Pods-JSDAsyncAwait-JSDAsyncAwaitUITests.release.xcconfig"; sourceTree = "<group>"; };
		65BCE4BC9B4EC067B3B16DBD /* Pods_JSDAsyncAwait.framework */ = {isa = PBXFileReference; explicitFileType = wrapper.framework; includeInIndex = 0; path = Pods_JSDAsyncAwait.framework; sourceTree = BUILT_PRODUCTS_DIR; };
		72DBFD268BD16B7FB1C774F1 /* Pods-JSDAsyncAwaitTests.release.xcconfig */ = {isa = PBXFileReference; includeInIndex = 1; lastKnownFileType = text.xcconfig; name = "Pods-JSDAsyncAwaitTests.release.xcconfig"; path = "Target Support Files/Pods-JSDAsyncAwaitTests/Pods-JSDAsyncAwaitTests.release.xcconfig"; sourceTree = "<group>"; };
		74560DFDF51D3C670ECBF39B /* Pods_JSDAsyncAwaitTests.framework */ = {isa = PBXFileReference; explicitFileType = wrapper.framework; includeInIndex = 0; path = Pods_JSDAsyncAwaitTests.framework; sourceTree = BUILT_PRODUCTS_DIR; };
		A4946271157B8266F12BA5CA /* Pods_JSDAsyncAwait_JSDAsyncAwaitUITests.framework */ = {isa = PBXFileReference; explicitFileType = wrapper.framework; includeInIndex = 0; path = Pods_JSDAsyncAwait_JSDAsyncAwaitUITests.framework; sourceTree = BUILT_PRODUCTS_DIR; };
		B428B8C8269F2CE5002325A2 /* JSDAsyncAwait.app */ = {isa = PBXFileReference; explicitFileType = wrapper.application; includeInIndex = 0; path = JSDAsyncAwait.app; sourceTree = BUILT_PRODUCTS_DIR; };
		B428B8CB269F2CE5002325A2 /* AppDelegate.swift */ = {isa = PBXFileReference; lastKnownFileType = sourcecode.swift; path = AppDelegate.swift; sourceTree = "<group>"; };
		B428B8CD269F2CE5002325A2 /* SceneDelegate.swift */ = {isa = PBXFileReference; lastKnownFileType = sourcecode.swift; path = SceneDelegate.swift; sourceTree = "<group>"; };
		B428B8CF269F2CE5002325A2 /* ViewController.swift */ = {isa = PBXFileReference; lastKnownFileType = sourcecode.swift; path = ViewController.swift; sourceTree = "<group>"; };
		B428B8D2269F2CE5002325A2 /* Base */ = {isa = PBXFileReference; lastKnownFileType = file.storyboard; name = Base; path = Base.lproj/Main.storyboard; sourceTree = "<group>"; };
		B428B8D4269F2CE7002325A2 /* Assets.xcassets */ = {isa = PBXFileReference; lastKnownFileType = folder.assetcatalog; path = Assets.xcassets; sourceTree = "<group>"; };
		B428B8D7269F2CE7002325A2 /* Base */ = {isa = PBXFileReference; lastKnownFileType = file.storyboard; name = Base; path = Base.lproj/LaunchScreen.storyboard; sourceTree = "<group>"; };
		B428B8D9269F2CE7002325A2 /* Info.plist */ = {isa = PBXFileReference; lastKnownFileType = text.plist.xml; path = Info.plist; sourceTree = "<group>"; };
		B428B8DE269F2CE7002325A2 /* JSDAsyncAwaitTests.xctest */ = {isa = PBXFileReference; explicitFileType = wrapper.cfbundle; includeInIndex = 0; path = JSDAsyncAwaitTests.xctest; sourceTree = BUILT_PRODUCTS_DIR; };
		B428B8E2269F2CE7002325A2 /* JSDAsyncAwaitTests.swift */ = {isa = PBXFileReference; lastKnownFileType = sourcecode.swift; path = JSDAsyncAwaitTests.swift; sourceTree = "<group>"; };
		B428B8E8269F2CE7002325A2 /* JSDAsyncAwaitUITests.xctest */ = {isa = PBXFileReference; explicitFileType = wrapper.cfbundle; includeInIndex = 0; path = JSDAsyncAwaitUITests.xctest; sourceTree = BUILT_PRODUCTS_DIR; };
		B428B8EC269F2CE7002325A2 /* JSDAsyncAwaitUITests.swift */ = {isa = PBXFileReference; lastKnownFileType = sourcecode.swift; path = JSDAsyncAwaitUITests.swift; sourceTree = "<group>"; };
		DCD227DDBA51A913599D4E32 /* Pods-JSDAsyncAwait.debug.xcconfig */ = {isa = PBXFileReference; includeInIndex = 1; lastKnownFileType = text.xcconfig; name = "Pods-JSDAsyncAwait.debug.xcconfig"; path = "Target Support Files/Pods-JSDAsyncAwait/Pods-JSDAsyncAwait.debug.xcconfig"; sourceTree = "<group>"; };
		DFCA32CEAF8B44239712CB5C /* Pods-JSDAsyncAwait.release.xcconfig */ = {isa = PBXFileReference; includeInIndex = 1; lastKnownFileType = text.xcconfig; name = "Pods-JSDAsyncAwait.release.xcconfig"; path = "Target Support Files/Pods-JSDAsyncAwait/Pods-JSDAsyncAwait.release.xcconfig"; sourceTree = "<group>"; };
		E67BC777E249A85E75C34344 /* Pods-JSDAsyncAwait-JSDAsyncAwaitUITests.debug.xcconfig */ = {isa = PBXFileReference; includeInIndex = 1; lastKnownFileType = text.xcconfig; name = "Pods-JSDAsyncAwait-JSDAsyncAwaitUITests.debug.xcconfig"; path = "Target Support Files/Pods-JSDAsyncAwait-JSDAsyncAwaitUITests/Pods-JSDAsyncAwait-JSDAsyncAwaitUITests.debug.xcconfig"; sourceTree = "<group>"; };
/* End PBXFileReference section */

/* Begin PBXFrameworksBuildPhase section */
		B428B8C5269F2CE5002325A2 /* Frameworks */ = {
			isa = PBXFrameworksBuildPhase;
			buildActionMask = 2147483647;
			files = (
				C17DFD360FCAC1BE805C2FA2 /* Pods_JSDAsyncAwait.framework in Frameworks */,
			);
			runOnlyForDeploymentPostprocessing = 0;
		};
		B428B8DB269F2CE7002325A2 /* Frameworks */ = {
			isa = PBXFrameworksBuildPhase;
			buildActionMask = 2147483647;
			files = (
				B151CD795F8160A93E395449 /* Pods_JSDAsyncAwaitTests.framework in Frameworks */,
			);
			runOnlyForDeploymentPostprocessing = 0;
		};
		B428B8E5269F2CE7002325A2 /* Frameworks */ = {
			isa = PBXFrameworksBuildPhase;
			buildActionMask = 2147483647;
			files = (
				5411AFF9654050CCF4A03591 /* Pods_JSDAsyncAwait_JSDAsyncAwaitUITests.framework in Frameworks */,
			);
			runOnlyForDeploymentPostprocessing = 0;
		};
/* End PBXFrameworksBuildPhase section */

/* Begin PBXGroup section */
		20F2F6319A7C0FF132500FBC /* Pods */ = {
			isa = PBXGroup;
			children = (
				DCD227DDBA51A913599D4E32 /* Pods-JSDAsyncAwait.debug.xcconfig */,
				DFCA32CEAF8B44239712CB5C /* Pods-JSDAsyncAwait.release.xcconfig */,
				E67BC777E249A85E75C34344 /* Pods-JSDAsyncAwait-JSDAsyncAwaitUITests.debug.xcconfig */,
				61D9C1ADE76FB7C40D4645CC /* Pods-JSDAsyncAwait-JSDAsyncAwaitUITests.release.xcconfig */,
				5481A6D8CEF42F3732BAAC99 /* Pods-JSDAsyncAwaitTests.debug.xcconfig */,
				72DBFD268BD16B7FB1C774F1 /* Pods-JSDAsyncAwaitTests.release.xcconfig */,
			);
			path = Pods;
			sourceTree = "<group>";
		};
		2250EC23DF0108BE1209AFD0 /* Frameworks */ = {
			isa = PBXGroup;
			children = (
				65BCE4BC9B4EC067B3B16DBD /* Pods_JSDAsyncAwait.framework */,
				A4946271157B8266F12BA5CA /* Pods_JSDAsyncAwait_JSDAsyncAwaitUITests.framework */,
				74560DFDF51D3C670ECBF39B /* Pods_JSDAsyncAwaitTests.framework */,
			);
			name = Frameworks;
			sourceTree = "<group>";
		};
		B428B8BF269F2CE5002325A2 = {
			isa = PBXGroup;
			children = (
				B428B8CA269F2CE5002325A2 /* JSDAsyncAwait */,
				B428B8E1269F2CE7002325A2 /* JSDAsyncAwaitTests */,
				B428B8EB269F2CE7002325A2 /* JSDAsyncAwaitUITests */,
				B428B8C9269F2CE5002325A2 /* Products */,
				20F2F6319A7C0FF132500FBC /* Pods */,
				2250EC23DF0108BE1209AFD0 /* Frameworks */,
			);
			sourceTree = "<group>";
		};
		B428B8C9269F2CE5002325A2 /* Products */ = {
			isa = PBXGroup;
			children = (
				B428B8C8269F2CE5002325A2 /* JSDAsyncAwait.app */,
				B428B8DE269F2CE7002325A2 /* JSDAsyncAwaitTests.xctest */,
				B428B8E8269F2CE7002325A2 /* JSDAsyncAwaitUITests.xctest */,
			);
			name = Products;
			sourceTree = "<group>";
		};
		B428B8CA269F2CE5002325A2 /* JSDAsyncAwait */ = {
			isa = PBXGroup;
			children = (
				B428B8CB269F2CE5002325A2 /* AppDelegate.swift */,
				B428B8CD269F2CE5002325A2 /* SceneDelegate.swift */,
				B428B8CF269F2CE5002325A2 /* ViewController.swift */,
				04BF983226A8038B00757E67 /* UserFollowInfoApi.swift */,
				B428B8D1269F2CE5002325A2 /* Main.storyboard */,
				B428B8D4269F2CE7002325A2 /* Assets.xcassets */,
				B428B8D6269F2CE7002325A2 /* LaunchScreen.storyboard */,
				B428B8D9269F2CE7002325A2 /* Info.plist */,
			);
			path = JSDAsyncAwait;
			sourceTree = "<group>";
		};
		B428B8E1269F2CE7002325A2 /* JSDAsyncAwaitTests */ = {
			isa = PBXGroup;
			children = (
				B428B8E2269F2CE7002325A2 /* JSDAsyncAwaitTests.swift */,
			);
			path = JSDAsyncAwaitTests;
			sourceTree = "<group>";
		};
		B428B8EB269F2CE7002325A2 /* JSDAsyncAwaitUITests */ = {
			isa = PBXGroup;
			children = (
				B428B8EC269F2CE7002325A2 /* JSDAsyncAwaitUITests.swift */,
			);
			path = JSDAsyncAwaitUITests;
			sourceTree = "<group>";
		};
/* End PBXGroup section */

/* Begin PBXNativeTarget section */
		B428B8C7269F2CE5002325A2 /* JSDAsyncAwait */ = {
			isa = PBXNativeTarget;
			buildConfigurationList = B428B8F0269F2CE7002325A2 /* Build configuration list for PBXNativeTarget "JSDAsyncAwait" */;
			buildPhases = (
				75378C8DCEEC2A9273167110 /* [CP] Check Pods Manifest.lock */,
				B428B8C4269F2CE5002325A2 /* Sources */,
				B428B8C5269F2CE5002325A2 /* Frameworks */,
				B428B8C6269F2CE5002325A2 /* Resources */,
				D3634FAE8518837851DE9813 /* [CP] Embed Pods Frameworks */,
			);
			buildRules = (
			);
			dependencies = (
			);
			name = JSDAsyncAwait;
			productName = JSDAsyncAwait;
			productReference = B428B8C8269F2CE5002325A2 /* JSDAsyncAwait.app */;
			productType = "com.apple.product-type.application";
		};
		B428B8DD269F2CE7002325A2 /* JSDAsyncAwaitTests */ = {
			isa = PBXNativeTarget;
			buildConfigurationList = B428B8F3269F2CE7002325A2 /* Build configuration list for PBXNativeTarget "JSDAsyncAwaitTests" */;
			buildPhases = (
				C030B40D4AD5DCCE66E776B0 /* [CP] Check Pods Manifest.lock */,
				B428B8DA269F2CE7002325A2 /* Sources */,
				B428B8DB269F2CE7002325A2 /* Frameworks */,
				B428B8DC269F2CE7002325A2 /* Resources */,
			);
			buildRules = (
			);
			dependencies = (
				B428B8E0269F2CE7002325A2 /* PBXTargetDependency */,
			);
			name = JSDAsyncAwaitTests;
			productName = JSDAsyncAwaitTests;
			productReference = B428B8DE269F2CE7002325A2 /* JSDAsyncAwaitTests.xctest */;
			productType = "com.apple.product-type.bundle.unit-test";
		};
		B428B8E7269F2CE7002325A2 /* JSDAsyncAwaitUITests */ = {
			isa = PBXNativeTarget;
			buildConfigurationList = B428B8F6269F2CE7002325A2 /* Build configuration list for PBXNativeTarget "JSDAsyncAwaitUITests" */;
			buildPhases = (
				5FB668288545ADC228F61097 /* [CP] Check Pods Manifest.lock */,
				B428B8E4269F2CE7002325A2 /* Sources */,
				B428B8E5269F2CE7002325A2 /* Frameworks */,
				B428B8E6269F2CE7002325A2 /* Resources */,
				ED255990C957DEAFC690D5A8 /* [CP] Embed Pods Frameworks */,
			);
			buildRules = (
			);
			dependencies = (
				B428B8EA269F2CE7002325A2 /* PBXTargetDependency */,
			);
			name = JSDAsyncAwaitUITests;
			productName = JSDAsyncAwaitUITests;
			productReference = B428B8E8269F2CE7002325A2 /* JSDAsyncAwaitUITests.xctest */;
			productType = "com.apple.product-type.bundle.ui-testing";
		};
/* End PBXNativeTarget section */

/* Begin PBXProject section */
		B428B8C0269F2CE5002325A2 /* Project object */ = {
			isa = PBXProject;
			attributes = {
				BuildIndependentTargetsInParallel = 1;
				LastSwiftUpdateCheck = 1300;
				LastUpgradeCheck = 1300;
				TargetAttributes = {
					B428B8C7269F2CE5002325A2 = {
						CreatedOnToolsVersion = 13.0;
					};
					B428B8DD269F2CE7002325A2 = {
						CreatedOnToolsVersion = 13.0;
						TestTargetID = B428B8C7269F2CE5002325A2;
					};
					B428B8E7269F2CE7002325A2 = {
						CreatedOnToolsVersion = 13.0;
						TestTargetID = B428B8C7269F2CE5002325A2;
					};
				};
			};
			buildConfigurationList = B428B8C3269F2CE5002325A2 /* Build configuration list for PBXProject "JSDAsyncAwait" */;
			compatibilityVersion = "Xcode 9.3";
			developmentRegion = en;
			hasScannedForEncodings = 0;
			knownRegions = (
				en,
				Base,
			);
			mainGroup = B428B8BF269F2CE5002325A2;
			productRefGroup = B428B8C9269F2CE5002325A2 /* Products */;
			projectDirPath = "";
			projectRoot = "";
			targets = (
				B428B8C7269F2CE5002325A2 /* JSDAsyncAwait */,
				B428B8DD269F2CE7002325A2 /* JSDAsyncAwaitTests */,
				B428B8E7269F2CE7002325A2 /* JSDAsyncAwaitUITests */,
			);
		};
/* End PBXProject section */

/* Begin PBXResourcesBuildPhase section */
		B428B8C6269F2CE5002325A2 /* Resources */ = {
			isa = PBXResourcesBuildPhase;
			buildActionMask = 2147483647;
			files = (
				B428B8D8269F2CE7002325A2 /* LaunchScreen.storyboard in Resources */,
				B428B8D5269F2CE7002325A2 /* Assets.xcassets in Resources */,
				B428B8D3269F2CE5002325A2 /* Main.storyboard in Resources */,
			);
			runOnlyForDeploymentPostprocessing = 0;
		};
		B428B8DC269F2CE7002325A2 /* Resources */ = {
			isa = PBXResourcesBuildPhase;
			buildActionMask = 2147483647;
			files = (
			);
			runOnlyForDeploymentPostprocessing = 0;
		};
		B428B8E6269F2CE7002325A2 /* Resources */ = {
			isa = PBXResourcesBuildPhase;
			buildActionMask = 2147483647;
			files = (
			);
			runOnlyForDeploymentPostprocessing = 0;
		};
/* End PBXResourcesBuildPhase section */

/* Begin PBXShellScriptBuildPhase section */
		5FB668288545ADC228F61097 /* [CP] Check Pods Manifest.lock */ = {
			isa = PBXShellScriptBuildPhase;
			buildActionMask = 2147483647;
			files = (
			);
			inputFileListPaths = (
			);
			inputPaths = (
				"${PODS_PODFILE_DIR_PATH}/Podfile.lock",
				"${PODS_ROOT}/Manifest.lock",
			);
			name = "[CP] Check Pods Manifest.lock";
			outputFileListPaths = (
			);
			outputPaths = (
				"$(DERIVED_FILE_DIR)/Pods-JSDAsyncAwait-JSDAsyncAwaitUITests-checkManifestLockResult.txt",
			);
			runOnlyForDeploymentPostprocessing = 0;
			shellPath = /bin/sh;
			shellScript = "diff \"${PODS_PODFILE_DIR_PATH}/Podfile.lock\" \"${PODS_ROOT}/Manifest.lock\" > /dev/null\nif [ $? != 0 ] ; then\n    # print error to STDERR\n    echo \"error: The sandbox is not in sync with the Podfile.lock. Run 'pod install' or update your CocoaPods installation.\" >&2\n    exit 1\nfi\n# This output is used by Xcode 'outputs' to avoid re-running this script phase.\necho \"SUCCESS\" > \"${SCRIPT_OUTPUT_FILE_0}\"\n";
			showEnvVarsInLog = 0;
		};
		75378C8DCEEC2A9273167110 /* [CP] Check Pods Manifest.lock */ = {
			isa = PBXShellScriptBuildPhase;
			buildActionMask = 2147483647;
			files = (
			);
			inputFileListPaths = (
			);
			inputPaths = (
				"${PODS_PODFILE_DIR_PATH}/Podfile.lock",
				"${PODS_ROOT}/Manifest.lock",
			);
			name = "[CP] Check Pods Manifest.lock";
			outputFileListPaths = (
			);
			outputPaths = (
				"$(DERIVED_FILE_DIR)/Pods-JSDAsyncAwait-checkManifestLockResult.txt",
			);
			runOnlyForDeploymentPostprocessing = 0;
			shellPath = /bin/sh;
			shellScript = "diff \"${PODS_PODFILE_DIR_PATH}/Podfile.lock\" \"${PODS_ROOT}/Manifest.lock\" > /dev/null\nif [ $? != 0 ] ; then\n    # print error to STDERR\n    echo \"error: The sandbox is not in sync with the Podfile.lock. Run 'pod install' or update your CocoaPods installation.\" >&2\n    exit 1\nfi\n# This output is used by Xcode 'outputs' to avoid re-running this script phase.\necho \"SUCCESS\" > \"${SCRIPT_OUTPUT_FILE_0}\"\n";
			showEnvVarsInLog = 0;
		};
		C030B40D4AD5DCCE66E776B0 /* [CP] Check Pods Manifest.lock */ = {
			isa = PBXShellScriptBuildPhase;
			buildActionMask = 2147483647;
			files = (
			);
			inputFileListPaths = (
			);
			inputPaths = (
				"${PODS_PODFILE_DIR_PATH}/Podfile.lock",
				"${PODS_ROOT}/Manifest.lock",
			);
			name = "[CP] Check Pods Manifest.lock";
			outputFileListPaths = (
			);
			outputPaths = (
				"$(DERIVED_FILE_DIR)/Pods-JSDAsyncAwaitTests-checkManifestLockResult.txt",
			);
			runOnlyForDeploymentPostprocessing = 0;
			shellPath = /bin/sh;
			shellScript = "diff \"${PODS_PODFILE_DIR_PATH}/Podfile.lock\" \"${PODS_ROOT}/Manifest.lock\" > /dev/null\nif [ $? != 0 ] ; then\n    # print error to STDERR\n    echo \"error: The sandbox is not in sync with the Podfile.lock. Run 'pod install' or update your CocoaPods installation.\" >&2\n    exit 1\nfi\n# This output is used by Xcode 'outputs' to avoid re-running this script phase.\necho \"SUCCESS\" > \"${SCRIPT_OUTPUT_FILE_0}\"\n";
			showEnvVarsInLog = 0;
		};
		D3634FAE8518837851DE9813 /* [CP] Embed Pods Frameworks */ = {
			isa = PBXShellScriptBuildPhase;
			buildActionMask = 2147483647;
			files = (
			);
			inputFileListPaths = (
				"${PODS_ROOT}/Target Support Files/Pods-JSDAsyncAwait/Pods-JSDAsyncAwait-frameworks-${CONFIGURATION}-input-files.xcfilelist",
			);
			name = "[CP] Embed Pods Frameworks";
			outputFileListPaths = (
				"${PODS_ROOT}/Target Support Files/Pods-JSDAsyncAwait/Pods-JSDAsyncAwait-frameworks-${CONFIGURATION}-output-files.xcfilelist",
			);
			runOnlyForDeploymentPostprocessing = 0;
			shellPath = /bin/sh;
			shellScript = "\"${PODS_ROOT}/Target Support Files/Pods-JSDAsyncAwait/Pods-JSDAsyncAwait-frameworks.sh\"\n";
			showEnvVarsInLog = 0;
		};
		ED255990C957DEAFC690D5A8 /* [CP] Embed Pods Frameworks */ = {
			isa = PBXShellScriptBuildPhase;
			buildActionMask = 2147483647;
			files = (
			);
			inputFileListPaths = (
				"${PODS_ROOT}/Target Support Files/Pods-JSDAsyncAwait-JSDAsyncAwaitUITests/Pods-JSDAsyncAwait-JSDAsyncAwaitUITests-frameworks-${CONFIGURATION}-input-files.xcfilelist",
			);
			name = "[CP] Embed Pods Frameworks";
			outputFileListPaths = (
				"${PODS_ROOT}/Target Support Files/Pods-JSDAsyncAwait-JSDAsyncAwaitUITests/Pods-JSDAsyncAwait-JSDAsyncAwaitUITests-frameworks-${CONFIGURATION}-output-files.xcfilelist",
			);
			runOnlyForDeploymentPostprocessing = 0;
			shellPath = /bin/sh;
			shellScript = "\"${PODS_ROOT}/Target Support Files/Pods-JSDAsyncAwait-JSDAsyncAwaitUITests/Pods-JSDAsyncAwait-JSDAsyncAwaitUITests-frameworks.sh\"\n";
			showEnvVarsInLog = 0;
		};
/* End PBXShellScriptBuildPhase section */

/* Begin PBXSourcesBuildPhase section */
		B428B8C4269F2CE5002325A2 /* Sources */ = {
			isa = PBXSourcesBuildPhase;
			buildActionMask = 2147483647;
			files = (
				B428B8D0269F2CE5002325A2 /* ViewController.swift in Sources */,
				B428B8CC269F2CE5002325A2 /* AppDelegate.swift in Sources */,
				04BF983326A8038B00757E67 /* UserFollowInfoApi.swift in Sources */,
				B428B8CE269F2CE5002325A2 /* SceneDelegate.swift in Sources */,
			);
			runOnlyForDeploymentPostprocessing = 0;
		};
		B428B8DA269F2CE7002325A2 /* Sources */ = {
			isa = PBXSourcesBuildPhase;
			buildActionMask = 2147483647;
			files = (
				B428B8E3269F2CE7002325A2 /* JSDAsyncAwaitTests.swift in Sources */,
			);
			runOnlyForDeploymentPostprocessing = 0;
		};
		B428B8E4269F2CE7002325A2 /* Sources */ = {
			isa = PBXSourcesBuildPhase;
			buildActionMask = 2147483647;
			files = (
				B428B8ED269F2CE7002325A2 /* JSDAsyncAwaitUITests.swift in Sources */,
			);
			runOnlyForDeploymentPostprocessing = 0;
		};
/* End PBXSourcesBuildPhase section */

/* Begin PBXTargetDependency section */
		B428B8E0269F2CE7002325A2 /* PBXTargetDependency */ = {
			isa = PBXTargetDependency;
			target = B428B8C7269F2CE5002325A2 /* JSDAsyncAwait */;
			targetProxy = B428B8DF269F2CE7002325A2 /* PBXContainerItemProxy */;
		};
		B428B8EA269F2CE7002325A2 /* PBXTargetDependency */ = {
			isa = PBXTargetDependency;
			target = B428B8C7269F2CE5002325A2 /* JSDAsyncAwait */;
			targetProxy = B428B8E9269F2CE7002325A2 /* PBXContainerItemProxy */;
		};
/* End PBXTargetDependency section */

/* Begin PBXVariantGroup section */
		B428B8D1269F2CE5002325A2 /* Main.storyboard */ = {
			isa = PBXVariantGroup;
			children = (
				B428B8D2269F2CE5002325A2 /* Base */,
			);
			name = Main.storyboard;
			sourceTree = "<group>";
		};
		B428B8D6269F2CE7002325A2 /* LaunchScreen.storyboard */ = {
			isa = PBXVariantGroup;
			children = (
				B428B8D7269F2CE7002325A2 /* Base */,
			);
			name = LaunchScreen.storyboard;
			sourceTree = "<group>";
		};
/* End PBXVariantGroup section */

/* Begin XCBuildConfiguration section */
		B428B8EE269F2CE7002325A2 /* Debug */ = {
			isa = XCBuildConfiguration;
			buildSettings = {
				ALWAYS_SEARCH_USER_PATHS = NO;
				CLANG_ANALYZER_NONNULL = YES;
				CLANG_ANALYZER_NUMBER_OBJECT_CONVERSION = YES_AGGRESSIVE;
				CLANG_CXX_LANGUAGE_STANDARD = "gnu++14";
				CLANG_CXX_LIBRARY = "libc++";
				CLANG_ENABLE_MODULES = YES;
				CLANG_ENABLE_OBJC_ARC = YES;
				CLANG_ENABLE_OBJC_WEAK = YES;
				CLANG_WARN_BLOCK_CAPTURE_AUTORELEASING = YES;
				CLANG_WARN_BOOL_CONVERSION = YES;
				CLANG_WARN_COMMA = YES;
				CLANG_WARN_CONSTANT_CONVERSION = YES;
				CLANG_WARN_DEPRECATED_OBJC_IMPLEMENTATIONS = YES;
				CLANG_WARN_DIRECT_OBJC_ISA_USAGE = YES_ERROR;
				CLANG_WARN_DOCUMENTATION_COMMENTS = YES;
				CLANG_WARN_EMPTY_BODY = YES;
				CLANG_WARN_ENUM_CONVERSION = YES;
				CLANG_WARN_INFINITE_RECURSION = YES;
				CLANG_WARN_INT_CONVERSION = YES;
				CLANG_WARN_NON_LITERAL_NULL_CONVERSION = YES;
				CLANG_WARN_OBJC_IMPLICIT_RETAIN_SELF = YES;
				CLANG_WARN_OBJC_LITERAL_CONVERSION = YES;
				CLANG_WARN_OBJC_ROOT_CLASS = YES_ERROR;
				CLANG_WARN_QUOTED_INCLUDE_IN_FRAMEWORK_HEADER = YES;
				CLANG_WARN_RANGE_LOOP_ANALYSIS = YES;
				CLANG_WARN_STRICT_PROTOTYPES = YES;
				CLANG_WARN_SUSPICIOUS_MOVE = YES;
				CLANG_WARN_UNGUARDED_AVAILABILITY = YES_AGGRESSIVE;
				CLANG_WARN_UNREACHABLE_CODE = YES;
				CLANG_WARN__DUPLICATE_METHOD_MATCH = YES;
				COPY_PHASE_STRIP = NO;
				DEBUG_INFORMATION_FORMAT = dwarf;
				ENABLE_STRICT_OBJC_MSGSEND = YES;
				ENABLE_TESTABILITY = YES;
				GCC_C_LANGUAGE_STANDARD = gnu11;
				GCC_DYNAMIC_NO_PIC = NO;
				GCC_NO_COMMON_BLOCKS = YES;
				GCC_OPTIMIZATION_LEVEL = 0;
				GCC_PREPROCESSOR_DEFINITIONS = (
					"DEBUG=1",
					"$(inherited)",
				);
				GCC_WARN_64_TO_32_BIT_CONVERSION = YES;
				GCC_WARN_ABOUT_RETURN_TYPE = YES_ERROR;
				GCC_WARN_UNDECLARED_SELECTOR = YES;
				GCC_WARN_UNINITIALIZED_AUTOS = YES_AGGRESSIVE;
				GCC_WARN_UNUSED_FUNCTION = YES;
				GCC_WARN_UNUSED_VARIABLE = YES;
				IPHONEOS_DEPLOYMENT_TARGET = 15.0;
				MTL_ENABLE_DEBUG_INFO = INCLUDE_SOURCE;
				MTL_FAST_MATH = YES;
				ONLY_ACTIVE_ARCH = YES;
				SDKROOT = iphoneos;
				SWIFT_ACTIVE_COMPILATION_CONDITIONS = DEBUG;
				SWIFT_OPTIMIZATION_LEVEL = "-Onone";
			};
			name = Debug;
		};
		B428B8EF269F2CE7002325A2 /* Release */ = {
			isa = XCBuildConfiguration;
			buildSettings = {
				ALWAYS_SEARCH_USER_PATHS = NO;
				CLANG_ANALYZER_NONNULL = YES;
				CLANG_ANALYZER_NUMBER_OBJECT_CONVERSION = YES_AGGRESSIVE;
				CLANG_CXX_LANGUAGE_STANDARD = "gnu++14";
				CLANG_CXX_LIBRARY = "libc++";
				CLANG_ENABLE_MODULES = YES;
				CLANG_ENABLE_OBJC_ARC = YES;
				CLANG_ENABLE_OBJC_WEAK = YES;
				CLANG_WARN_BLOCK_CAPTURE_AUTORELEASING = YES;
				CLANG_WARN_BOOL_CONVERSION = YES;
				CLANG_WARN_COMMA = YES;
				CLANG_WARN_CONSTANT_CONVERSION = YES;
				CLANG_WARN_DEPRECATED_OBJC_IMPLEMENTATIONS = YES;
				CLANG_WARN_DIRECT_OBJC_ISA_USAGE = YES_ERROR;
				CLANG_WARN_DOCUMENTATION_COMMENTS = YES;
				CLANG_WARN_EMPTY_BODY = YES;
				CLANG_WARN_ENUM_CONVERSION = YES;
				CLANG_WARN_INFINITE_RECURSION = YES;
				CLANG_WARN_INT_CONVERSION = YES;
				CLANG_WARN_NON_LITERAL_NULL_CONVERSION = YES;
				CLANG_WARN_OBJC_IMPLICIT_RETAIN_SELF = YES;
				CLANG_WARN_OBJC_LITERAL_CONVERSION = YES;
				CLANG_WARN_OBJC_ROOT_CLASS = YES_ERROR;
				CLANG_WARN_QUOTED_INCLUDE_IN_FRAMEWORK_HEADER = YES;
				CLANG_WARN_RANGE_LOOP_ANALYSIS = YES;
				CLANG_WARN_STRICT_PROTOTYPES = YES;
				CLANG_WARN_SUSPICIOUS_MOVE = YES;
				CLANG_WARN_UNGUARDED_AVAILABILITY = YES_AGGRESSIVE;
				CLANG_WARN_UNREACHABLE_CODE = YES;
				CLANG_WARN__DUPLICATE_METHOD_MATCH = YES;
				COPY_PHASE_STRIP = NO;
				DEBUG_INFORMATION_FORMAT = "dwarf-with-dsym";
				ENABLE_NS_ASSERTIONS = NO;
				ENABLE_STRICT_OBJC_MSGSEND = YES;
				GCC_C_LANGUAGE_STANDARD = gnu11;
				GCC_NO_COMMON_BLOCKS = YES;
				GCC_WARN_64_TO_32_BIT_CONVERSION = YES;
				GCC_WARN_ABOUT_RETURN_TYPE = YES_ERROR;
				GCC_WARN_UNDECLARED_SELECTOR = YES;
				GCC_WARN_UNINITIALIZED_AUTOS = YES_AGGRESSIVE;
				GCC_WARN_UNUSED_FUNCTION = YES;
				GCC_WARN_UNUSED_VARIABLE = YES;
				IPHONEOS_DEPLOYMENT_TARGET = 15.0;
				MTL_ENABLE_DEBUG_INFO = NO;
				MTL_FAST_MATH = YES;
				SDKROOT = iphoneos;
				SWIFT_COMPILATION_MODE = wholemodule;
				SWIFT_OPTIMIZATION_LEVEL = "-O";
				VALIDATE_PRODUCT = YES;
			};
			name = Release;
		};
		B428B8F1269F2CE7002325A2 /* Debug */ = {
			isa = XCBuildConfiguration;
			baseConfigurationReference = DCD227DDBA51A913599D4E32 /* Pods-JSDAsyncAwait.debug.xcconfig */;
			buildSettings = {
				ASSETCATALOG_COMPILER_APPICON_NAME = AppIcon;
				ASSETCATALOG_COMPILER_GLOBAL_ACCENT_COLOR_NAME = AccentColor;
				CODE_SIGN_STYLE = Automatic;
				CURRENT_PROJECT_VERSION = 1;
				DEVELOPMENT_TEAM = VPA3A88U6M;
				GENERATE_INFOPLIST_FILE = YES;
				INFOPLIST_FILE = JSDAsyncAwait/Info.plist;
				INFOPLIST_KEY_CFBundleExecutable = JSDAsyncAwait;
				INFOPLIST_KEY_CFBundleName = JSDAsyncAwait;
				INFOPLIST_KEY_CFBundleVersion = 1;
				INFOPLIST_KEY_UIApplicationSupportsIndirectInputEvents = YES;
				INFOPLIST_KEY_UILaunchStoryboardName = LaunchScreen;
				INFOPLIST_KEY_UIMainStoryboardFile = Main;
				INFOPLIST_KEY_UISupportedInterfaceOrientations_iPad = "UIInterfaceOrientationPortrait UIInterfaceOrientationPortraitUpsideDown UIInterfaceOrientationLandscapeLeft UIInterfaceOrientationLandscapeRight";
				INFOPLIST_KEY_UISupportedInterfaceOrientations_iPhone = "UIInterfaceOrientationPortrait UIInterfaceOrientationLandscapeLeft UIInterfaceOrientationLandscapeRight";
				LD_RUNPATH_SEARCH_PATHS = (
					"$(inherited)",
					"@executable_path/Frameworks",
				);
				MARKETING_VERSION = 1.0;
				PRODUCT_BUNDLE_IDENTIFIER = com.Jerseycafe.JSDAsyncAwait;
				PRODUCT_NAME = "$(TARGET_NAME)";
				SWIFT_EMIT_LOC_STRINGS = YES;
				SWIFT_VERSION = 5.0;
				TARGETED_DEVICE_FAMILY = "1,2";
			};
			name = Debug;
		};
		B428B8F2269F2CE7002325A2 /* Release */ = {
			isa = XCBuildConfiguration;
			baseConfigurationReference = DFCA32CEAF8B44239712CB5C /* Pods-JSDAsyncAwait.release.xcconfig */;
			buildSettings = {
				ASSETCATALOG_COMPILER_APPICON_NAME = AppIcon;
				ASSETCATALOG_COMPILER_GLOBAL_ACCENT_COLOR_NAME = AccentColor;
				CODE_SIGN_STYLE = Automatic;
				CURRENT_PROJECT_VERSION = 1;
				DEVELOPMENT_TEAM = VPA3A88U6M;
				GENERATE_INFOPLIST_FILE = YES;
				INFOPLIST_FILE = JSDAsyncAwait/Info.plist;
				INFOPLIST_KEY_CFBundleExecutable = JSDAsyncAwait;
				INFOPLIST_KEY_CFBundleName = JSDAsyncAwait;
				INFOPLIST_KEY_CFBundleVersion = 1;
				INFOPLIST_KEY_UIApplicationSupportsIndirectInputEvents = YES;
				INFOPLIST_KEY_UILaunchStoryboardName = LaunchScreen;
				INFOPLIST_KEY_UIMainStoryboardFile = Main;
				INFOPLIST_KEY_UISupportedInterfaceOrientations_iPad = "UIInterfaceOrientationPortrait UIInterfaceOrientationPortraitUpsideDown UIInterfaceOrientationLandscapeLeft UIInterfaceOrientationLandscapeRight";
				INFOPLIST_KEY_UISupportedInterfaceOrientations_iPhone = "UIInterfaceOrientationPortrait UIInterfaceOrientationLandscapeLeft UIInterfaceOrientationLandscapeRight";
				LD_RUNPATH_SEARCH_PATHS = (
					"$(inherited)",
					"@executable_path/Frameworks",
				);
				MARKETING_VERSION = 1.0;
				PRODUCT_BUNDLE_IDENTIFIER = com.Jerseycafe.JSDAsyncAwait;
				PRODUCT_NAME = "$(TARGET_NAME)";
				SWIFT_EMIT_LOC_STRINGS = YES;
				SWIFT_VERSION = 5.0;
				TARGETED_DEVICE_FAMILY = "1,2";
			};
			name = Release;
		};
		B428B8F4269F2CE7002325A2 /* Debug */ = {
			isa = XCBuildConfiguration;
			baseConfigurationReference = 5481A6D8CEF42F3732BAAC99 /* Pods-JSDAsyncAwaitTests.debug.xcconfig */;
			buildSettings = {
				ALWAYS_EMBED_SWIFT_STANDARD_LIBRARIES = YES;
				BUNDLE_LOADER = "$(TEST_HOST)";
				CODE_SIGN_STYLE = Automatic;
				CURRENT_PROJECT_VERSION = 1;
				DEVELOPMENT_TEAM = VPA3A88U6M;
				GENERATE_INFOPLIST_FILE = YES;
				IPHONEOS_DEPLOYMENT_TARGET = 15.0;
				LD_RUNPATH_SEARCH_PATHS = (
					"$(inherited)",
					"@executable_path/Frameworks",
					"@loader_path/Frameworks",
				);
				MARKETING_VERSION = 1.0;
				PRODUCT_BUNDLE_IDENTIFIER = com.Jerseycafe.JSDAsyncAwaitTests;
				PRODUCT_NAME = "$(TARGET_NAME)";
				SWIFT_EMIT_LOC_STRINGS = NO;
				SWIFT_VERSION = 5.0;
				TARGETED_DEVICE_FAMILY = "1,2";
				TEST_HOST = "$(BUILT_PRODUCTS_DIR)/JSDAsyncAwait.app/JSDAsyncAwait";
			};
			name = Debug;
		};
		B428B8F5269F2CE7002325A2 /* Release */ = {
			isa = XCBuildConfiguration;
			baseConfigurationReference = 72DBFD268BD16B7FB1C774F1 /* Pods-JSDAsyncAwaitTests.release.xcconfig */;
			buildSettings = {
				ALWAYS_EMBED_SWIFT_STANDARD_LIBRARIES = YES;
				BUNDLE_LOADER = "$(TEST_HOST)";
				CODE_SIGN_STYLE = Automatic;
				CURRENT_PROJECT_VERSION = 1;
				DEVELOPMENT_TEAM = VPA3A88U6M;
				GENERATE_INFOPLIST_FILE = YES;
				IPHONEOS_DEPLOYMENT_TARGET = 15.0;
				LD_RUNPATH_SEARCH_PATHS = (
					"$(inherited)",
					"@executable_path/Frameworks",
					"@loader_path/Frameworks",
				);
				MARKETING_VERSION = 1.0;
				PRODUCT_BUNDLE_IDENTIFIER = com.Jerseycafe.JSDAsyncAwaitTests;
				PRODUCT_NAME = "$(TARGET_NAME)";
				SWIFT_EMIT_LOC_STRINGS = NO;
				SWIFT_VERSION = 5.0;
				TARGETED_DEVICE_FAMILY = "1,2";
				TEST_HOST = "$(BUILT_PRODUCTS_DIR)/JSDAsyncAwait.app/JSDAsyncAwait";
			};
			name = Release;
		};
		B428B8F7269F2CE7002325A2 /* Debug */ = {
			isa = XCBuildConfiguration;
			baseConfigurationReference = E67BC777E249A85E75C34344 /* Pods-JSDAsyncAwait-JSDAsyncAwaitUITests.debug.xcconfig */;
			buildSettings = {
				ALWAYS_EMBED_SWIFT_STANDARD_LIBRARIES = YES;
				CODE_SIGN_STYLE = Automatic;
				CURRENT_PROJECT_VERSION = 1;
				DEVELOPMENT_TEAM = VPA3A88U6M;
				GENERATE_INFOPLIST_FILE = YES;
				LD_RUNPATH_SEARCH_PATHS = (
					"$(inherited)",
					"@executable_path/Frameworks",
					"@loader_path/Frameworks",
				);
				MARKETING_VERSION = 1.0;
				PRODUCT_BUNDLE_IDENTIFIER = com.Jerseycafe.JSDAsyncAwaitUITests;
				PRODUCT_NAME = "$(TARGET_NAME)";
				SWIFT_EMIT_LOC_STRINGS = NO;
				SWIFT_VERSION = 5.0;
				TARGETED_DEVICE_FAMILY = "1,2";
				TEST_TARGET_NAME = JSDAsyncAwait;
			};
			name = Debug;
		};
		B428B8F8269F2CE7002325A2 /* Release */ = {
			isa = XCBuildConfiguration;
			baseConfigurationReference = 61D9C1ADE76FB7C40D4645CC /* Pods-JSDAsyncAwait-JSDAsyncAwaitUITests.release.xcconfig */;
			buildSettings = {
				ALWAYS_EMBED_SWIFT_STANDARD_LIBRARIES = YES;
				CODE_SIGN_STYLE = Automatic;
				CURRENT_PROJECT_VERSION = 1;
				DEVELOPMENT_TEAM = VPA3A88U6M;
				GENERATE_INFOPLIST_FILE = YES;
				LD_RUNPATH_SEARCH_PATHS = (
					"$(inherited)",
					"@executable_path/Frameworks",
					"@loader_path/Frameworks",
				);
				MARKETING_VERSION = 1.0;
				PRODUCT_BUNDLE_IDENTIFIER = com.Jerseycafe.JSDAsyncAwaitUITests;
				PRODUCT_NAME = "$(TARGET_NAME)";
				SWIFT_EMIT_LOC_STRINGS = NO;
				SWIFT_VERSION = 5.0;
				TARGETED_DEVICE_FAMILY = "1,2";
				TEST_TARGET_NAME = JSDAsyncAwait;
			};
			name = Release;
		};
/* End XCBuildConfiguration section */

/* Begin XCConfigurationList section */
		B428B8C3269F2CE5002325A2 /* Build configuration list for PBXProject "JSDAsyncAwait" */ = {
			isa = XCConfigurationList;
			buildConfigurations = (
				B428B8EE269F2CE7002325A2 /* Debug */,
				B428B8EF269F2CE7002325A2 /* Release */,
			);
			defaultConfigurationIsVisible = 0;
			defaultConfigurationName = Release;
		};
		B428B8F0269F2CE7002325A2 /* Build configuration list for PBXNativeTarget "JSDAsyncAwait" */ = {
			isa = XCConfigurationList;
			buildConfigurations = (
				B428B8F1269F2CE7002325A2 /* Debug */,
				B428B8F2269F2CE7002325A2 /* Release */,
			);
			defaultConfigurationIsVisible = 0;
			defaultConfigurationName = Release;
		};
		B428B8F3269F2CE7002325A2 /* Build configuration list for PBXNativeTarget "JSDAsyncAwaitTests" */ = {
			isa = XCConfigurationList;
			buildConfigurations = (
				B428B8F4269F2CE7002325A2 /* Debug */,
				B428B8F5269F2CE7002325A2 /* Release */,
			);
			defaultConfigurationIsVisible = 0;
			defaultConfigurationName = Release;
		};
		B428B8F6269F2CE7002325A2 /* Build configuration list for PBXNativeTarget "JSDAsyncAwaitUITests" */ = {
			isa = XCConfigurationList;
			buildConfigurations = (
				B428B8F7269F2CE7002325A2 /* Debug */,
				B428B8F8269F2CE7002325A2 /* Release */,
			);
			defaultConfigurationIsVisible = 0;
			defaultConfigurationName = Release;
		};
/* End XCConfigurationList section */
	};
	rootObject = B428B8C0269F2CE5002325A2 /* Project object */;
}
