// !$*UTF8*$!
{
	archiveVersion = 1;
	classes = {
	};
	objectVersion = 50;
	objects = {

/* Begin PBXBuildFile section */
		416BD26F85C510BE9780BC94 /* libPods-JSDPlayground.a in Frameworks */ = {isa = PBXBuildFile; fileRef = 6D4045FB9763F515E80CF679 /* libPods-JSDPlayground.a */; };
		5511A9D2222E2AEC00966A05 /* JSDUIViewGuide.m in Sources */ = {isa = PBXBuildFile; fileRef = 5511A9D1222E2AEC00966A05 /* JSDUIViewGuide.m */; };
		5511A9D5222E2B4B00966A05 /* JSDUIViewGuide.plist in Resources */ = {isa = PBXBuildFile; fileRef = 5511A9D4222E2B4B00966A05 /* JSDUIViewGuide.plist */; };
		5511A9D8222E2BCB00966A05 /* JSDViewTouchPointVC.m in Sources */ = {isa = PBXBuildFile; fileRef = 5511A9D7222E2BCB00966A05 /* JSDViewTouchPointVC.m */; };
		55278EA521E9811A00DF745C /* AppDelegate.m in Sources */ = {isa = PBXBuildFile; fileRef = 55278EA421E9811A00DF745C /* AppDelegate.m */; };
		55278EA821E9811A00DF745C /* ViewController.m in Sources */ = {isa = PBXBuildFile; fileRef = 55278EA721E9811A00DF745C /* ViewController.m */; };
		55278EAB21E9811A00DF745C /* Main.storyboard in Resources */ = {isa = PBXBuildFile; fileRef = 55278EA921E9811A00DF745C /* Main.storyboard */; };
		55278EB021E9811E00DF745C /* LaunchScreen.storyboard in Resources */ = {isa = PBXBuildFile; fileRef = 55278EAE21E9811E00DF745C /* LaunchScreen.storyboard */; };
		55278EB321E9811E00DF745C /* main.m in Sources */ = {isa = PBXBuildFile; fileRef = 55278EB221E9811E00DF745C /* main.m */; };
		55278EBA21E9887700DF745C /* JSDCatalog.plist in Resources */ = {isa = PBXBuildFile; fileRef = 55278EB921E9887700DF745C /* JSDCatalog.plist */; };
		55278EBF21E98C9000DF745C /* JSDInterViewTopic.m in Sources */ = {isa = PBXBuildFile; fileRef = 55278EBE21E98C9000DF745C /* JSDInterViewTopic.m */; };
		55278EC121E98CAF00DF745C /* JSDInterViewTopic.plist in Resources */ = {isa = PBXBuildFile; fileRef = 55278EC021E98CAF00DF745C /* JSDInterViewTopic.plist */; };
		55278EC421E9909A00DF745C /* JSDCommandModel.m in Sources */ = {isa = PBXBuildFile; fileRef = 55278EC321E9909A00DF745C /* JSDCommandModel.m */; };
		55278EC721E9951E00DF745C /* JSDPerformSelectorVC.m in Sources */ = {isa = PBXBuildFile; fileRef = 55278EC621E9951E00DF745C /* JSDPerformSelectorVC.m */; };
		55278ECE21E9970D00DF745C /* NSObject+JSDPerformSelector.m in Sources */ = {isa = PBXBuildFile; fileRef = 55278ECD21E9970D00DF745C /* NSObject+JSDPerformSelector.m */; };
		552C19C0228BF105008F30F4 /* JSDCALayerClockVC.m in Sources */ = {isa = PBXBuildFile; fileRef = 552C19BE228BF105008F30F4 /* JSDCALayerClockVC.m */; };
		552C19C1228BF105008F30F4 /* JSDCALayerClockVC.xib in Resources */ = {isa = PBXBuildFile; fileRef = 552C19BF228BF105008F30F4 /* JSDCALayerClockVC.xib */; };
		552C19C5228D0222008F30F4 /* JSDCoreAnimationVC.m in Sources */ = {isa = PBXBuildFile; fileRef = 552C19C4228D0222008F30F4 /* JSDCoreAnimationVC.m */; };
		552C19C7228D02C4008F30F4 /* JSDCoreAnimation.plist in Resources */ = {isa = PBXBuildFile; fileRef = 552C19C6228D02C4008F30F4 /* JSDCoreAnimation.plist */; };
		552C19CA228D033F008F30F4 /* JSDTransformVC.m in Sources */ = {isa = PBXBuildFile; fileRef = 552C19C9228D033F008F30F4 /* JSDTransformVC.m */; };
		552C19CD228D041A008F30F4 /* JSDSpecialLayerVC.m in Sources */ = {isa = PBXBuildFile; fileRef = 552C19CC228D041A008F30F4 /* JSDSpecialLayerVC.m */; };
		552DF02D228ACBBB000EC19A /* JSDCALayerGuideVC.m in Sources */ = {isa = PBXBuildFile; fileRef = 552DF02C228ACBBB000EC19A /* JSDCALayerGuideVC.m */; };
		552DF031228BBC73000EC19A /* JSDImageSpritesVC.m in Sources */ = {isa = PBXBuildFile; fileRef = 552DF02F228BBC73000EC19A /* JSDImageSpritesVC.m */; };
		552DF032228BBC73000EC19A /* JSDImageSpritesVC.xib in Resources */ = {isa = PBXBuildFile; fileRef = 552DF030228BBC73000EC19A /* JSDImageSpritesVC.xib */; };
		552DF035228BC904000EC19A /* JSDCALayerDelegateVC.m in Sources */ = {isa = PBXBuildFile; fileRef = 552DF034228BC904000EC19A /* JSDCALayerDelegateVC.m */; };
		553094AE2251FB1900BFC6B5 /* UIKit.framework in Frameworks */ = {isa = PBXBuildFile; fileRef = 55F387E622337998000CA174 /* UIKit.framework */; };
		5536472522393C49004CAB58 /* JSDArithmeticVC.m in Sources */ = {isa = PBXBuildFile; fileRef = 5536472422393C49004CAB58 /* JSDArithmeticVC.m */; };
		5536472722393C89004CAB58 /* JSDArithmetic.plist in Resources */ = {isa = PBXBuildFile; fileRef = 5536472622393C89004CAB58 /* JSDArithmetic.plist */; };
		5536472A22393D36004CAB58 /* JSDStringReversalVC.m in Sources */ = {isa = PBXBuildFile; fileRef = 5536472922393D36004CAB58 /* JSDStringReversalVC.m */; };
		5536472D22393D50004CAB58 /* JSDTableReversalVC.m in Sources */ = {isa = PBXBuildFile; fileRef = 5536472C22393D50004CAB58 /* JSDTableReversalVC.m */; };
		5536473022393D60004CAB58 /* JSDArrayMergeVC.m in Sources */ = {isa = PBXBuildFile; fileRef = 5536472F22393D60004CAB58 /* JSDArrayMergeVC.m */; };
		5536473322393D6C004CAB58 /* JSDHashVC.m in Sources */ = {isa = PBXBuildFile; fileRef = 5536473222393D6C004CAB58 /* JSDHashVC.m */; };
		5536473622393D78004CAB58 /* JSDSubViewVC.m in Sources */ = {isa = PBXBuildFile; fileRef = 5536473522393D78004CAB58 /* JSDSubViewVC.m */; };
		5536473E223B41CD004CAB58 /* JSDResource.plist in Resources */ = {isa = PBXBuildFile; fileRef = 5536473D223B41CD004CAB58 /* JSDResource.plist */; };
		55364742223B41FA004CAB58 /* JSDResourceVC.m in Sources */ = {isa = PBXBuildFile; fileRef = 55364741223B41FA004CAB58 /* JSDResourceVC.m */; };
		55364745223B43B8004CAB58 /* JSDSDWebImageVC.m in Sources */ = {isa = PBXBuildFile; fileRef = 55364744223B43B8004CAB58 /* JSDSDWebImageVC.m */; };
		55364748223B8333004CAB58 /* JSDAFNetworkingVC.m in Sources */ = {isa = PBXBuildFile; fileRef = 55364747223B8333004CAB58 /* JSDAFNetworkingVC.m */; };
		5536474B223B8512004CAB58 /* JSDAsyncDisplayKitVC.m in Sources */ = {isa = PBXBuildFile; fileRef = 5536474A223B8512004CAB58 /* JSDAsyncDisplayKitVC.m */; };
		5536474E223CBE9B004CAB58 /* JSDLock.plist in Resources */ = {isa = PBXBuildFile; fileRef = 5536474D223CBE9B004CAB58 /* JSDLock.plist */; };
		55364751223CBEA5004CAB58 /* JSDLockVC.m in Sources */ = {isa = PBXBuildFile; fileRef = 55364750223CBEA5004CAB58 /* JSDLockVC.m */; };
		55364753223CE6E2004CAB58 /* CoreFoundation.framework in Frameworks */ = {isa = PBXBuildFile; fileRef = 55364752223CE6E2004CAB58 /* CoreFoundation.framework */; };
		5536477D223D0599004CAB58 /* JSDPlaygroundUITests.m in Sources */ = {isa = PBXBuildFile; fileRef = 5536477C223D0599004CAB58 /* JSDPlaygroundUITests.m */; };
		55364787223F3A48004CAB58 /* JSDCrashVC.m in Sources */ = {isa = PBXBuildFile; fileRef = 55364786223F3A48004CAB58 /* JSDCrashVC.m */; };
		5536478B223F508F004CAB58 /* JSDRuntimeVC.m in Sources */ = {isa = PBXBuildFile; fileRef = 5536478A223F508F004CAB58 /* JSDRuntimeVC.m */; };
		5536478E223F50EB004CAB58 /* JSDMessageVC.m in Sources */ = {isa = PBXBuildFile; fileRef = 5536478D223F50EB004CAB58 /* JSDMessageVC.m */; };
		55364791223FA08D004CAB58 /* JSDHomeVC.m in Sources */ = {isa = PBXBuildFile; fileRef = 55364790223FA08D004CAB58 /* JSDHomeVC.m */; };
		55364795224096B7004CAB58 /* JSDTimerVC.m in Sources */ = {isa = PBXBuildFile; fileRef = 55364794224096B7004CAB58 /* JSDTimerVC.m */; };
		5536479B2240971B004CAB58 /* JSDTimerView.xib in Resources */ = {isa = PBXBuildFile; fileRef = 5536479A2240971B004CAB58 /* JSDTimerView.xib */; };
		5536479E22423D41004CAB58 /* JSDPokerVC.m in Sources */ = {isa = PBXBuildFile; fileRef = 5536479D22423D41004CAB58 /* JSDPokerVC.m */; };
		553647A122428595004CAB58 /* JSDCoreGraphicsVC.m in Sources */ = {isa = PBXBuildFile; fileRef = 553647A022428595004CAB58 /* JSDCoreGraphicsVC.m */; };
		55CB04FE222E5AB500AB926E /* JSDTouchButton.m in Sources */ = {isa = PBXBuildFile; fileRef = 55CB04FD222E5AB500AB926E /* JSDTouchButton.m */; };
		55EB3E0B22428AD200A1D163 /* Assets.xcassets in Resources */ = {isa = PBXBuildFile; fileRef = 55EB3E0A22428AD200A1D163 /* Assets.xcassets */; };
		55F387DA22336D52000CA174 /* JSDObjective-CVC.m in Sources */ = {isa = PBXBuildFile; fileRef = 55F387D922336D52000CA174 /* JSDObjective-CVC.m */; };
		55F387DC22336DEC000CA174 /* JSDObjective-C Guide.plist in Resources */ = {isa = PBXBuildFile; fileRef = 55F387DB22336DEC000CA174 /* JSDObjective-C Guide.plist */; };
		55F387DF22336EF8000CA174 /* JSDCategoryVC.m in Sources */ = {isa = PBXBuildFile; fileRef = 55F387DE22336EF8000CA174 /* JSDCategoryVC.m */; };
		55F387E222337195000CA174 /* JSDObjectiveCVC.m in Sources */ = {isa = PBXBuildFile; fileRef = 55F387E122337195000CA174 /* JSDObjectiveCVC.m */; };
		55F387E5223373C5000CA174 /* JSDViewController.m in Sources */ = {isa = PBXBuildFile; fileRef = 55F387E4223373C5000CA174 /* JSDViewController.m */; };
		55F387F32234CE3F000CA174 /* JSDKVOKVCVC.m in Sources */ = {isa = PBXBuildFile; fileRef = 55F387F22234CE3F000CA174 /* JSDKVOKVCVC.m */; };
		55F387F52234CE53000CA174 /* KVOKVC.plist in Resources */ = {isa = PBXBuildFile; fileRef = 55F387F42234CE53000CA174 /* KVOKVC.plist */; };
		55F387F82234CE8F000CA174 /* JSDKVOVC.m in Sources */ = {isa = PBXBuildFile; fileRef = 55F387F72234CE8F000CA174 /* JSDKVOVC.m */; };
		55F387FB2234CE9A000CA174 /* JSDKVCVC.m in Sources */ = {isa = PBXBuildFile; fileRef = 55F387FA2234CE9A000CA174 /* JSDKVCVC.m */; };
		55F387FF22376D5A000CA174 /* JSDBlockVC.m in Sources */ = {isa = PBXBuildFile; fileRef = 55F387FE22376D5A000CA174 /* JSDBlockVC.m */; };
		55F3880122376D75000CA174 /* JSDBlock.plist in Resources */ = {isa = PBXBuildFile; fileRef = 55F3880022376D75000CA174 /* JSDBlock.plist */; };
		55F3880422376DAB000CA174 /* JSDBlockGuideVC.m in Sources */ = {isa = PBXBuildFile; fileRef = 55F3880322376DAB000CA174 /* JSDBlockGuideVC.m */; };
		55F388072237ADC0000CA174 /* JSDMultithreading.plist in Resources */ = {isa = PBXBuildFile; fileRef = 55F388062237ADC0000CA174 /* JSDMultithreading.plist */; };
		55F3880B2237ADE3000CA174 /* JSDMultithreadingVC.m in Sources */ = {isa = PBXBuildFile; fileRef = 55F3880A2237ADE3000CA174 /* JSDMultithreadingVC.m */; };
		55F3880E2237AE65000CA174 /* JSDGCDVC.m in Sources */ = {isa = PBXBuildFile; fileRef = 55F3880D2237AE65000CA174 /* JSDGCDVC.m */; };
		55F388112237AE9B000CA174 /* JSDNSOperationVC.m in Sources */ = {isa = PBXBuildFile; fileRef = 55F388102237AE9B000CA174 /* JSDNSOperationVC.m */; };
		55F388142237AEBF000CA174 /* JSDNSThreadVC.m in Sources */ = {isa = PBXBuildFile; fileRef = 55F388132237AEBF000CA174 /* JSDNSThreadVC.m */; };
		55F388182238A5EC000CA174 /* JSDRunLoopVC.m in Sources */ = {isa = PBXBuildFile; fileRef = 55F388172238A5EC000CA174 /* JSDRunLoopVC.m */; };
		55F3881C2238DD23000CA174 /* JSDDesignVC.m in Sources */ = {isa = PBXBuildFile; fileRef = 55F3881B2238DD23000CA174 /* JSDDesignVC.m */; };
		55F3881E2238DD72000CA174 /* JSDDesign.plist in Resources */ = {isa = PBXBuildFile; fileRef = 55F3881D2238DD72000CA174 /* JSDDesign.plist */; };
		55F388212238DDD5000CA174 /* JSDDutyChainVC.m in Sources */ = {isa = PBXBuildFile; fileRef = 55F388202238DDD5000CA174 /* JSDDutyChainVC.m */; };
		55F388242238DE0F000CA174 /* JSDDutyManage.m in Sources */ = {isa = PBXBuildFile; fileRef = 55F388232238DE0F000CA174 /* JSDDutyManage.m */; };
		55F388272238DE32000CA174 /* JSDDutyObject.m in Sources */ = {isa = PBXBuildFile; fileRef = 55F388262238DE32000CA174 /* JSDDutyObject.m */; };
/* End PBXBuildFile section */

/* Begin PBXContainerItemProxy section */
		5536477F223D0599004CAB58 /* PBXContainerItemProxy */ = {
			isa = PBXContainerItemProxy;
			containerPortal = 55278E9821E9811A00DF745C /* Project object */;
			proxyType = 1;
			remoteGlobalIDString = 55278E9F21E9811A00DF745C;
			remoteInfo = JSDPlayground;
		};
/* End PBXContainerItemProxy section */

/* Begin PBXFileReference section */
		1942B83AA6AF0A35D7C161E1 /* Pods-JSDPlayground.release.xcconfig */ = {isa = PBXFileReference; includeInIndex = 1; lastKnownFileType = text.xcconfig; name = "Pods-JSDPlayground.release.xcconfig"; path = "Target Support Files/Pods-JSDPlayground/Pods-JSDPlayground.release.xcconfig"; sourceTree = "<group>"; };
		5511A9D0222E2AEC00966A05 /* JSDUIViewGuide.h */ = {isa = PBXFileReference; lastKnownFileType = sourcecode.c.h; name = JSDUIViewGuide.h; path = JSDPlayground/Class/Module/UIViewGuide/JSDUIViewGuide.h; sourceTree = SOURCE_ROOT; };
		5511A9D1222E2AEC00966A05 /* JSDUIViewGuide.m */ = {isa = PBXFileReference; lastKnownFileType = sourcecode.c.objc; name = JSDUIViewGuide.m; path = JSDPlayground/Class/Module/UIViewGuide/JSDUIViewGuide.m; sourceTree = SOURCE_ROOT; };
		5511A9D4222E2B4B00966A05 /* JSDUIViewGuide.plist */ = {isa = PBXFileReference; lastKnownFileType = text.plist.xml; path = JSDUIViewGuide.plist; sourceTree = "<group>"; };
		5511A9D6222E2BCB00966A05 /* JSDViewTouchPointVC.h */ = {isa = PBXFileReference; lastKnownFileType = sourcecode.c.h; name = JSDViewTouchPointVC.h; path = JSDPlayground/Class/Module/UIViewGuide/JSDViewTouchPointVC.h; sourceTree = SOURCE_ROOT; };
		5511A9D7222E2BCB00966A05 /* JSDViewTouchPointVC.m */ = {isa = PBXFileReference; lastKnownFileType = sourcecode.c.objc; name = JSDViewTouchPointVC.m; path = JSDPlayground/Class/Module/UIViewGuide/JSDViewTouchPointVC.m; sourceTree = SOURCE_ROOT; };
		5511A9DE222E47A300966A05 /* JSDPrefix.pch */ = {isa = PBXFileReference; lastKnownFileType = sourcecode.c.h; path = JSDPrefix.pch; sourceTree = "<group>"; };
		5511A9DF222E4AEA00966A05 /* JSDPublic.h */ = {isa = PBXFileReference; lastKnownFileType = sourcecode.c.h; path = JSDPublic.h; sourceTree = "<group>"; };
		55278EA021E9811A00DF745C /* JSDPlayground.app */ = {isa = PBXFileReference; explicitFileType = wrapper.application; includeInIndex = 0; path = JSDPlayground.app; sourceTree = BUILT_PRODUCTS_DIR; };
		55278EA321E9811A00DF745C /* AppDelegate.h */ = {isa = PBXFileReference; lastKnownFileType = sourcecode.c.h; path = AppDelegate.h; sourceTree = "<group>"; };
		55278EA421E9811A00DF745C /* AppDelegate.m */ = {isa = PBXFileReference; lastKnownFileType = sourcecode.c.objc; path = AppDelegate.m; sourceTree = "<group>"; };
		55278EA621E9811A00DF745C /* ViewController.h */ = {isa = PBXFileReference; lastKnownFileType = sourcecode.c.h; path = ViewController.h; sourceTree = "<group>"; };
		55278EA721E9811A00DF745C /* ViewController.m */ = {isa = PBXFileReference; lastKnownFileType = sourcecode.c.objc; path = ViewController.m; sourceTree = "<group>"; };
		55278EAA21E9811A00DF745C /* Base */ = {isa = PBXFileReference; lastKnownFileType = file.storyboard; name = Base; path = Base.lproj/Main.storyboard; sourceTree = "<group>"; };
		55278EAF21E9811E00DF745C /* Base */ = {isa = PBXFileReference; lastKnownFileType = file.storyboard; name = Base; path = Base.lproj/LaunchScreen.storyboard; sourceTree = "<group>"; };
		55278EB121E9811E00DF745C /* Info.plist */ = {isa = PBXFileReference; lastKnownFileType = text.plist.xml; path = Info.plist; sourceTree = "<group>"; };
		55278EB221E9811E00DF745C /* main.m */ = {isa = PBXFileReference; lastKnownFileType = sourcecode.c.objc; path = main.m; sourceTree = "<group>"; };
		55278EB921E9887700DF745C /* JSDCatalog.plist */ = {isa = PBXFileReference; lastKnownFileType = text.plist.xml; path = JSDCatalog.plist; sourceTree = "<group>"; };
		55278EBD21E98C9000DF745C /* JSDInterViewTopic.h */ = {isa = PBXFileReference; lastKnownFileType = sourcecode.c.h; path = JSDInterViewTopic.h; sourceTree = "<group>"; };
		55278EBE21E98C9000DF745C /* JSDInterViewTopic.m */ = {isa = PBXFileReference; lastKnownFileType = sourcecode.c.objc; path = JSDInterViewTopic.m; sourceTree = "<group>"; };
		55278EC021E98CAF00DF745C /* JSDInterViewTopic.plist */ = {isa = PBXFileReference; lastKnownFileType = text.plist.xml; path = JSDInterViewTopic.plist; sourceTree = "<group>"; };
		55278EC221E9909A00DF745C /* JSDCommandModel.h */ = {isa = PBXFileReference; lastKnownFileType = sourcecode.c.h; path = JSDCommandModel.h; sourceTree = "<group>"; };
		55278EC321E9909A00DF745C /* JSDCommandModel.m */ = {isa = PBXFileReference; lastKnownFileType = sourcecode.c.objc; path = JSDCommandModel.m; sourceTree = "<group>"; };
		55278EC521E9951E00DF745C /* JSDPerformSelectorVC.h */ = {isa = PBXFileReference; lastKnownFileType = sourcecode.c.h; path = JSDPerformSelectorVC.h; sourceTree = "<group>"; };
		55278EC621E9951E00DF745C /* JSDPerformSelectorVC.m */ = {isa = PBXFileReference; lastKnownFileType = sourcecode.c.objc; path = JSDPerformSelectorVC.m; sourceTree = "<group>"; };
		55278ECC21E9970D00DF745C /* NSObject+JSDPerformSelector.h */ = {isa = PBXFileReference; lastKnownFileType = sourcecode.c.h; path = "NSObject+JSDPerformSelector.h"; sourceTree = "<group>"; };
		55278ECD21E9970D00DF745C /* NSObject+JSDPerformSelector.m */ = {isa = PBXFileReference; lastKnownFileType = sourcecode.c.objc; path = "NSObject+JSDPerformSelector.m"; sourceTree = "<group>"; };
		552C19BD228BF105008F30F4 /* JSDCALayerClockVC.h */ = {isa = PBXFileReference; lastKnownFileType = sourcecode.c.h; path = JSDCALayerClockVC.h; sourceTree = "<group>"; };
		552C19BE228BF105008F30F4 /* JSDCALayerClockVC.m */ = {isa = PBXFileReference; lastKnownFileType = sourcecode.c.objc; path = JSDCALayerClockVC.m; sourceTree = "<group>"; };
		552C19BF228BF105008F30F4 /* JSDCALayerClockVC.xib */ = {isa = PBXFileReference; lastKnownFileType = file.xib; path = JSDCALayerClockVC.xib; sourceTree = "<group>"; };
		552C19C3228D0222008F30F4 /* JSDCoreAnimationVC.h */ = {isa = PBXFileReference; lastKnownFileType = sourcecode.c.h; path = JSDCoreAnimationVC.h; sourceTree = "<group>"; };
		552C19C4228D0222008F30F4 /* JSDCoreAnimationVC.m */ = {isa = PBXFileReference; lastKnownFileType = sourcecode.c.objc; path = JSDCoreAnimationVC.m; sourceTree = "<group>"; };
		552C19C6228D02C4008F30F4 /* JSDCoreAnimation.plist */ = {isa = PBXFileReference; lastKnownFileType = text.plist.xml; path = JSDCoreAnimation.plist; sourceTree = "<group>"; };
		552C19C8228D033F008F30F4 /* JSDTransformVC.h */ = {isa = PBXFileReference; lastKnownFileType = sourcecode.c.h; path = JSDTransformVC.h; sourceTree = "<group>"; };
		552C19C9228D033F008F30F4 /* JSDTransformVC.m */ = {isa = PBXFileReference; lastKnownFileType = sourcecode.c.objc; path = JSDTransformVC.m; sourceTree = "<group>"; };
		552C19CB228D041A008F30F4 /* JSDSpecialLayerVC.h */ = {isa = PBXFileReference; lastKnownFileType = sourcecode.c.h; path = JSDSpecialLayerVC.h; sourceTree = "<group>"; };
		552C19CC228D041A008F30F4 /* JSDSpecialLayerVC.m */ = {isa = PBXFileReference; lastKnownFileType = sourcecode.c.objc; path = JSDSpecialLayerVC.m; sourceTree = "<group>"; };
		552DF02B228ACBBB000EC19A /* JSDCALayerGuideVC.h */ = {isa = PBXFileReference; lastKnownFileType = sourcecode.c.h; path = JSDCALayerGuideVC.h; sourceTree = "<group>"; };
		552DF02C228ACBBB000EC19A /* JSDCALayerGuideVC.m */ = {isa = PBXFileReference; lastKnownFileType = sourcecode.c.objc; path = JSDCALayerGuideVC.m; sourceTree = "<group>"; };
		552DF02E228BBC73000EC19A /* JSDImageSpritesVC.h */ = {isa = PBXFileReference; lastKnownFileType = sourcecode.c.h; path = JSDImageSpritesVC.h; sourceTree = "<group>"; };
		552DF02F228BBC73000EC19A /* JSDImageSpritesVC.m */ = {isa = PBXFileReference; lastKnownFileType = sourcecode.c.objc; path = JSDImageSpritesVC.m; sourceTree = "<group>"; };
		552DF030228BBC73000EC19A /* JSDImageSpritesVC.xib */ = {isa = PBXFileReference; lastKnownFileType = file.xib; path = JSDImageSpritesVC.xib; sourceTree = "<group>"; };
		552DF033228BC904000EC19A /* JSDCALayerDelegateVC.h */ = {isa = PBXFileReference; lastKnownFileType = sourcecode.c.h; path = JSDCALayerDelegateVC.h; sourceTree = "<group>"; };
		552DF034228BC904000EC19A /* JSDCALayerDelegateVC.m */ = {isa = PBXFileReference; lastKnownFileType = sourcecode.c.objc; path = JSDCALayerDelegateVC.m; sourceTree = "<group>"; };
		5536472322393C49004CAB58 /* JSDArithmeticVC.h */ = {isa = PBXFileReference; lastKnownFileType = sourcecode.c.h; path = JSDArithmeticVC.h; sourceTree = "<group>"; };
		5536472422393C49004CAB58 /* JSDArithmeticVC.m */ = {isa = PBXFileReference; lastKnownFileType = sourcecode.c.objc; path = JSDArithmeticVC.m; sourceTree = "<group>"; };
		5536472622393C89004CAB58 /* JSDArithmetic.plist */ = {isa = PBXFileReference; lastKnownFileType = text.plist.xml; path = JSDArithmetic.plist; sourceTree = "<group>"; };
		5536472822393D36004CAB58 /* JSDStringReversalVC.h */ = {isa = PBXFileReference; lastKnownFileType = sourcecode.c.h; path = JSDStringReversalVC.h; sourceTree = "<group>"; };
		5536472922393D36004CAB58 /* JSDStringReversalVC.m */ = {isa = PBXFileReference; lastKnownFileType = sourcecode.c.objc; path = JSDStringReversalVC.m; sourceTree = "<group>"; };
		5536472B22393D50004CAB58 /* JSDTableReversalVC.h */ = {isa = PBXFileReference; lastKnownFileType = sourcecode.c.h; path = JSDTableReversalVC.h; sourceTree = "<group>"; };
		5536472C22393D50004CAB58 /* JSDTableReversalVC.m */ = {isa = PBXFileReference; lastKnownFileType = sourcecode.c.objc; path = JSDTableReversalVC.m; sourceTree = "<group>"; };
		5536472E22393D60004CAB58 /* JSDArrayMergeVC.h */ = {isa = PBXFileReference; lastKnownFileType = sourcecode.c.h; path = JSDArrayMergeVC.h; sourceTree = "<group>"; };
		5536472F22393D60004CAB58 /* JSDArrayMergeVC.m */ = {isa = PBXFileReference; lastKnownFileType = sourcecode.c.objc; path = JSDArrayMergeVC.m; sourceTree = "<group>"; };
		5536473122393D6C004CAB58 /* JSDHashVC.h */ = {isa = PBXFileReference; lastKnownFileType = sourcecode.c.h; path = JSDHashVC.h; sourceTree = "<group>"; };
		5536473222393D6C004CAB58 /* JSDHashVC.m */ = {isa = PBXFileReference; lastKnownFileType = sourcecode.c.objc; path = JSDHashVC.m; sourceTree = "<group>"; };
		5536473422393D78004CAB58 /* JSDSubViewVC.h */ = {isa = PBXFileReference; lastKnownFileType = sourcecode.c.h; path = JSDSubViewVC.h; sourceTree = "<group>"; };
		5536473522393D78004CAB58 /* JSDSubViewVC.m */ = {isa = PBXFileReference; lastKnownFileType = sourcecode.c.objc; path = JSDSubViewVC.m; sourceTree = "<group>"; };
		5536473D223B41CD004CAB58 /* JSDResource.plist */ = {isa = PBXFileReference; lastKnownFileType = text.plist.xml; path = JSDResource.plist; sourceTree = "<group>"; };
		55364740223B41FA004CAB58 /* JSDResourceVC.h */ = {isa = PBXFileReference; lastKnownFileType = sourcecode.c.h; path = JSDResourceVC.h; sourceTree = "<group>"; };
		55364741223B41FA004CAB58 /* JSDResourceVC.m */ = {isa = PBXFileReference; lastKnownFileType = sourcecode.c.objc; path = JSDResourceVC.m; sourceTree = "<group>"; };
		55364743223B43B8004CAB58 /* JSDSDWebImageVC.h */ = {isa = PBXFileReference; lastKnownFileType = sourcecode.c.h; path = JSDSDWebImageVC.h; sourceTree = "<group>"; };
		55364744223B43B8004CAB58 /* JSDSDWebImageVC.m */ = {isa = PBXFileReference; lastKnownFileType = sourcecode.c.objc; path = JSDSDWebImageVC.m; sourceTree = "<group>"; };
		55364746223B8333004CAB58 /* JSDAFNetworkingVC.h */ = {isa = PBXFileReference; lastKnownFileType = sourcecode.c.h; path = JSDAFNetworkingVC.h; sourceTree = "<group>"; };
		55364747223B8333004CAB58 /* JSDAFNetworkingVC.m */ = {isa = PBXFileReference; lastKnownFileType = sourcecode.c.objc; path = JSDAFNetworkingVC.m; sourceTree = "<group>"; };
		55364749223B8512004CAB58 /* JSDAsyncDisplayKitVC.h */ = {isa = PBXFileReference; lastKnownFileType = sourcecode.c.h; path = JSDAsyncDisplayKitVC.h; sourceTree = "<group>"; };
		5536474A223B8512004CAB58 /* JSDAsyncDisplayKitVC.m */ = {isa = PBXFileReference; lastKnownFileType = sourcecode.c.objc; path = JSDAsyncDisplayKitVC.m; sourceTree = "<group>"; };
		5536474D223CBE9B004CAB58 /* JSDLock.plist */ = {isa = PBXFileReference; lastKnownFileType = text.plist.xml; path = JSDLock.plist; sourceTree = "<group>"; };
		5536474F223CBEA5004CAB58 /* JSDLockVC.h */ = {isa = PBXFileReference; lastKnownFileType = sourcecode.c.h; path = JSDLockVC.h; sourceTree = "<group>"; };
		55364750223CBEA5004CAB58 /* JSDLockVC.m */ = {isa = PBXFileReference; lastKnownFileType = sourcecode.c.objc; path = JSDLockVC.m; sourceTree = "<group>"; };
		55364752223CE6E2004CAB58 /* CoreFoundation.framework */ = {isa = PBXFileReference; lastKnownFileType = wrapper.framework; name = CoreFoundation.framework; path = System/Library/Frameworks/CoreFoundation.framework; sourceTree = SDKROOT; };
		5536477A223D0599004CAB58 /* JSDPlaygroundUITests.xctest */ = {isa = PBXFileReference; explicitFileType = wrapper.cfbundle; includeInIndex = 0; path = JSDPlaygroundUITests.xctest; sourceTree = BUILT_PRODUCTS_DIR; };
		5536477C223D0599004CAB58 /* JSDPlaygroundUITests.m */ = {isa = PBXFileReference; lastKnownFileType = sourcecode.c.objc; path = JSDPlaygroundUITests.m; sourceTree = "<group>"; };
		5536477E223D0599004CAB58 /* Info.plist */ = {isa = PBXFileReference; lastKnownFileType = text.plist.xml; path = Info.plist; sourceTree = "<group>"; };
		55364785223F3A48004CAB58 /* JSDCrashVC.h */ = {isa = PBXFileReference; lastKnownFileType = sourcecode.c.h; path = JSDCrashVC.h; sourceTree = "<group>"; };
		55364786223F3A48004CAB58 /* JSDCrashVC.m */ = {isa = PBXFileReference; lastKnownFileType = sourcecode.c.objc; path = JSDCrashVC.m; sourceTree = "<group>"; };
		55364789223F508F004CAB58 /* JSDRuntimeVC.h */ = {isa = PBXFileReference; lastKnownFileType = sourcecode.c.h; path = JSDRuntimeVC.h; sourceTree = "<group>"; };
		5536478A223F508F004CAB58 /* JSDRuntimeVC.m */ = {isa = PBXFileReference; lastKnownFileType = sourcecode.c.objc; path = JSDRuntimeVC.m; sourceTree = "<group>"; };
		5536478C223F50EB004CAB58 /* JSDMessageVC.h */ = {isa = PBXFileReference; lastKnownFileType = sourcecode.c.h; path = JSDMessageVC.h; sourceTree = "<group>"; };
		5536478D223F50EB004CAB58 /* JSDMessageVC.m */ = {isa = PBXFileReference; lastKnownFileType = sourcecode.c.objc; path = JSDMessageVC.m; sourceTree = "<group>"; };
		5536478F223FA08D004CAB58 /* JSDHomeVC.h */ = {isa = PBXFileReference; lastKnownFileType = sourcecode.c.h; path = JSDHomeVC.h; sourceTree = "<group>"; };
		55364790223FA08D004CAB58 /* JSDHomeVC.m */ = {isa = PBXFileReference; lastKnownFileType = sourcecode.c.objc; path = JSDHomeVC.m; sourceTree = "<group>"; };
		55364793224096B7004CAB58 /* JSDTimerVC.h */ = {isa = PBXFileReference; lastKnownFileType = sourcecode.c.h; path = JSDTimerVC.h; sourceTree = "<group>"; };
		55364794224096B7004CAB58 /* JSDTimerVC.m */ = {isa = PBXFileReference; lastKnownFileType = sourcecode.c.objc; path = JSDTimerVC.m; sourceTree = "<group>"; };
		5536479A2240971B004CAB58 /* JSDTimerView.xib */ = {isa = PBXFileReference; lastKnownFileType = file.xib; path = JSDTimerView.xib; sourceTree = "<group>"; };
		5536479C22423D41004CAB58 /* JSDPokerVC.h */ = {isa = PBXFileReference; lastKnownFileType = sourcecode.c.h; path = JSDPokerVC.h; sourceTree = "<group>"; };
		5536479D22423D41004CAB58 /* JSDPokerVC.m */ = {isa = PBXFileReference; lastKnownFileType = sourcecode.c.objc; path = JSDPokerVC.m; sourceTree = "<group>"; };
		5536479F22428594004CAB58 /* JSDCoreGraphicsVC.h */ = {isa = PBXFileReference; lastKnownFileType = sourcecode.c.h; path = JSDCoreGraphicsVC.h; sourceTree = "<group>"; };
		553647A022428595004CAB58 /* JSDCoreGraphicsVC.m */ = {isa = PBXFileReference; lastKnownFileType = sourcecode.c.objc; path = JSDCoreGraphicsVC.m; sourceTree = "<group>"; };
		55CB04FC222E5AB500AB926E /* JSDTouchButton.h */ = {isa = PBXFileReference; lastKnownFileType = sourcecode.c.h; path = JSDTouchButton.h; sourceTree = "<group>"; };
		55CB04FD222E5AB500AB926E /* JSDTouchButton.m */ = {isa = PBXFileReference; lastKnownFileType = sourcecode.c.objc; path = JSDTouchButton.m; sourceTree = "<group>"; };
		55EB3E0A22428AD200A1D163 /* Assets.xcassets */ = {isa = PBXFileReference; lastKnownFileType = folder.assetcatalog; path = Assets.xcassets; sourceTree = "<group>"; };
		55F387D822336D52000CA174 /* JSDObjective-CVC.h */ = {isa = PBXFileReference; lastKnownFileType = sourcecode.c.h; path = "JSDObjective-CVC.h"; sourceTree = "<group>"; };
		55F387D922336D52000CA174 /* JSDObjective-CVC.m */ = {isa = PBXFileReference; lastKnownFileType = sourcecode.c.objc; path = "JSDObjective-CVC.m"; sourceTree = "<group>"; };
		55F387DB22336DEC000CA174 /* JSDObjective-C Guide.plist */ = {isa = PBXFileReference; lastKnownFileType = text.plist.xml; path = "JSDObjective-C Guide.plist"; sourceTree = "<group>"; };
		55F387DD22336EF8000CA174 /* JSDCategoryVC.h */ = {isa = PBXFileReference; lastKnownFileType = sourcecode.c.h; path = JSDCategoryVC.h; sourceTree = "<group>"; };
		55F387DE22336EF8000CA174 /* JSDCategoryVC.m */ = {isa = PBXFileReference; lastKnownFileType = sourcecode.c.objc; path = JSDCategoryVC.m; sourceTree = "<group>"; };
		55F387E022337195000CA174 /* JSDObjectiveCVC.h */ = {isa = PBXFileReference; lastKnownFileType = sourcecode.c.h; path = JSDObjectiveCVC.h; sourceTree = "<group>"; };
		55F387E122337195000CA174 /* JSDObjectiveCVC.m */ = {isa = PBXFileReference; lastKnownFileType = sourcecode.c.objc; path = JSDObjectiveCVC.m; sourceTree = "<group>"; };
		55F387E3223373C5000CA174 /* JSDViewController.h */ = {isa = PBXFileReference; lastKnownFileType = sourcecode.c.h; path = JSDViewController.h; sourceTree = "<group>"; };
		55F387E4223373C5000CA174 /* JSDViewController.m */ = {isa = PBXFileReference; lastKnownFileType = sourcecode.c.objc; path = JSDViewController.m; sourceTree = "<group>"; };
		55F387E622337998000CA174 /* UIKit.framework */ = {isa = PBXFileReference; lastKnownFileType = wrapper.framework; name = UIKit.framework; path = System/Library/Frameworks/UIKit.framework; sourceTree = SDKROOT; };
		55F387F12234CE3F000CA174 /* JSDKVOKVCVC.h */ = {isa = PBXFileReference; lastKnownFileType = sourcecode.c.h; path = JSDKVOKVCVC.h; sourceTree = "<group>"; };
		55F387F22234CE3F000CA174 /* JSDKVOKVCVC.m */ = {isa = PBXFileReference; lastKnownFileType = sourcecode.c.objc; path = JSDKVOKVCVC.m; sourceTree = "<group>"; };
		55F387F42234CE53000CA174 /* KVOKVC.plist */ = {isa = PBXFileReference; lastKnownFileType = text.plist.xml; path = KVOKVC.plist; sourceTree = "<group>"; };
		55F387F62234CE8F000CA174 /* JSDKVOVC.h */ = {isa = PBXFileReference; lastKnownFileType = sourcecode.c.h; path = JSDKVOVC.h; sourceTree = "<group>"; };
		55F387F72234CE8F000CA174 /* JSDKVOVC.m */ = {isa = PBXFileReference; lastKnownFileType = sourcecode.c.objc; path = JSDKVOVC.m; sourceTree = "<group>"; };
		55F387F92234CE9A000CA174 /* JSDKVCVC.h */ = {isa = PBXFileReference; lastKnownFileType = sourcecode.c.h; path = JSDKVCVC.h; sourceTree = "<group>"; };
		55F387FA2234CE9A000CA174 /* JSDKVCVC.m */ = {isa = PBXFileReference; lastKnownFileType = sourcecode.c.objc; path = JSDKVCVC.m; sourceTree = "<group>"; };
		55F387FD22376D5A000CA174 /* JSDBlockVC.h */ = {isa = PBXFileReference; lastKnownFileType = sourcecode.c.h; path = JSDBlockVC.h; sourceTree = "<group>"; };
		55F387FE22376D5A000CA174 /* JSDBlockVC.m */ = {isa = PBXFileReference; lastKnownFileType = sourcecode.c.objc; path = JSDBlockVC.m; sourceTree = "<group>"; };
		55F3880022376D75000CA174 /* JSDBlock.plist */ = {isa = PBXFileReference; lastKnownFileType = text.plist.xml; path = JSDBlock.plist; sourceTree = "<group>"; };
		55F3880222376DAB000CA174 /* JSDBlockGuideVC.h */ = {isa = PBXFileReference; lastKnownFileType = sourcecode.c.h; path = JSDBlockGuideVC.h; sourceTree = "<group>"; };
		55F3880322376DAB000CA174 /* JSDBlockGuideVC.m */ = {isa = PBXFileReference; lastKnownFileType = sourcecode.c.objc; path = JSDBlockGuideVC.m; sourceTree = "<group>"; };
		55F388062237ADC0000CA174 /* JSDMultithreading.plist */ = {isa = PBXFileReference; lastKnownFileType = text.plist.xml; path = JSDMultithreading.plist; sourceTree = "<group>"; };
		55F388092237ADE3000CA174 /* JSDMultithreadingVC.h */ = {isa = PBXFileReference; lastKnownFileType = sourcecode.c.h; path = JSDMultithreadingVC.h; sourceTree = "<group>"; };
		55F3880A2237ADE3000CA174 /* JSDMultithreadingVC.m */ = {isa = PBXFileReference; lastKnownFileType = sourcecode.c.objc; path = JSDMultithreadingVC.m; sourceTree = "<group>"; };
		55F3880C2237AE65000CA174 /* JSDGCDVC.h */ = {isa = PBXFileReference; lastKnownFileType = sourcecode.c.h; path = JSDGCDVC.h; sourceTree = "<group>"; };
		55F3880D2237AE65000CA174 /* JSDGCDVC.m */ = {isa = PBXFileReference; lastKnownFileType = sourcecode.c.objc; path = JSDGCDVC.m; sourceTree = "<group>"; };
		55F3880F2237AE9B000CA174 /* JSDNSOperationVC.h */ = {isa = PBXFileReference; lastKnownFileType = sourcecode.c.h; path = JSDNSOperationVC.h; sourceTree = "<group>"; };
		55F388102237AE9B000CA174 /* JSDNSOperationVC.m */ = {isa = PBXFileReference; lastKnownFileType = sourcecode.c.objc; path = JSDNSOperationVC.m; sourceTree = "<group>"; };
		55F388122237AEBF000CA174 /* JSDNSThreadVC.h */ = {isa = PBXFileReference; lastKnownFileType = sourcecode.c.h; path = JSDNSThreadVC.h; sourceTree = "<group>"; };
		55F388132237AEBF000CA174 /* JSDNSThreadVC.m */ = {isa = PBXFileReference; lastKnownFileType = sourcecode.c.objc; path = JSDNSThreadVC.m; sourceTree = "<group>"; };
		55F388162238A5EC000CA174 /* JSDRunLoopVC.h */ = {isa = PBXFileReference; lastKnownFileType = sourcecode.c.h; path = JSDRunLoopVC.h; sourceTree = "<group>"; };
		55F388172238A5EC000CA174 /* JSDRunLoopVC.m */ = {isa = PBXFileReference; lastKnownFileType = sourcecode.c.objc; path = JSDRunLoopVC.m; sourceTree = "<group>"; };
		55F3881A2238DD23000CA174 /* JSDDesignVC.h */ = {isa = PBXFileReference; lastKnownFileType = sourcecode.c.h; path = JSDDesignVC.h; sourceTree = "<group>"; };
		55F3881B2238DD23000CA174 /* JSDDesignVC.m */ = {isa = PBXFileReference; lastKnownFileType = sourcecode.c.objc; path = JSDDesignVC.m; sourceTree = "<group>"; };
		55F3881D2238DD72000CA174 /* JSDDesign.plist */ = {isa = PBXFileReference; lastKnownFileType = text.plist.xml; path = JSDDesign.plist; sourceTree = "<group>"; };
		55F3881F2238DDD5000CA174 /* JSDDutyChainVC.h */ = {isa = PBXFileReference; lastKnownFileType = sourcecode.c.h; path = JSDDutyChainVC.h; sourceTree = "<group>"; };
		55F388202238DDD5000CA174 /* JSDDutyChainVC.m */ = {isa = PBXFileReference; lastKnownFileType = sourcecode.c.objc; path = JSDDutyChainVC.m; sourceTree = "<group>"; };
		55F388222238DE0F000CA174 /* JSDDutyManage.h */ = {isa = PBXFileReference; lastKnownFileType = sourcecode.c.h; path = JSDDutyManage.h; sourceTree = "<group>"; };
		55F388232238DE0F000CA174 /* JSDDutyManage.m */ = {isa = PBXFileReference; lastKnownFileType = sourcecode.c.objc; path = JSDDutyManage.m; sourceTree = "<group>"; };
		55F388252238DE32000CA174 /* JSDDutyObject.h */ = {isa = PBXFileReference; lastKnownFileType = sourcecode.c.h; path = JSDDutyObject.h; sourceTree = "<group>"; };
		55F388262238DE32000CA174 /* JSDDutyObject.m */ = {isa = PBXFileReference; lastKnownFileType = sourcecode.c.objc; path = JSDDutyObject.m; sourceTree = "<group>"; };
		6D4045FB9763F515E80CF679 /* libPods-JSDPlayground.a */ = {isa = PBXFileReference; explicitFileType = archive.ar; includeInIndex = 0; path = "libPods-JSDPlayground.a"; sourceTree = BUILT_PRODUCTS_DIR; };
		95C100104A81CDA30F265341 /* Pods-JSDPlayground.debug.xcconfig */ = {isa = PBXFileReference; includeInIndex = 1; lastKnownFileType = text.xcconfig; name = "Pods-JSDPlayground.debug.xcconfig"; path = "Target Support Files/Pods-JSDPlayground/Pods-JSDPlayground.debug.xcconfig"; sourceTree = "<group>"; };
/* End PBXFileReference section */

/* Begin PBXFrameworksBuildPhase section */
		55278E9D21E9811A00DF745C /* Frameworks */ = {
			isa = PBXFrameworksBuildPhase;
			buildActionMask = 2147483647;
			files = (
				55364753223CE6E2004CAB58 /* CoreFoundation.framework in Frameworks */,
				553094AE2251FB1900BFC6B5 /* UIKit.framework in Frameworks */,
				416BD26F85C510BE9780BC94 /* libPods-JSDPlayground.a in Frameworks */,
			);
			runOnlyForDeploymentPostprocessing = 0;
		};
		55364777223D0599004CAB58 /* Frameworks */ = {
			isa = PBXFrameworksBuildPhase;
			buildActionMask = 2147483647;
			files = (
			);
			runOnlyForDeploymentPostprocessing = 0;
		};
/* End PBXFrameworksBuildPhase section */

/* Begin PBXGroup section */
		5511A9D3222E2B2800966A05 /* ResourceData */ = {
			isa = PBXGroup;
			children = (
				55278EB921E9887700DF745C /* JSDCatalog.plist */,
				55278EC021E98CAF00DF745C /* JSDInterViewTopic.plist */,
				5511A9D4222E2B4B00966A05 /* JSDUIViewGuide.plist */,
				552C19C6228D02C4008F30F4 /* JSDCoreAnimation.plist */,
				55F387DB22336DEC000CA174 /* JSDObjective-C Guide.plist */,
				55F387F42234CE53000CA174 /* KVOKVC.plist */,
				55F3880022376D75000CA174 /* JSDBlock.plist */,
				55F388062237ADC0000CA174 /* JSDMultithreading.plist */,
				55F3881D2238DD72000CA174 /* JSDDesign.plist */,
				5536472622393C89004CAB58 /* JSDArithmetic.plist */,
				5536473D223B41CD004CAB58 /* JSDResource.plist */,
				5536474D223CBE9B004CAB58 /* JSDLock.plist */,
			);
			path = ResourceData;
			sourceTree = "<group>";
		};
		5511A9D9222E2C7A00966A05 /* Public */ = {
			isa = PBXGroup;
			children = (
				55278EC221E9909A00DF745C /* JSDCommandModel.h */,
				55278EC321E9909A00DF745C /* JSDCommandModel.m */,
				5511A9DF222E4AEA00966A05 /* JSDPublic.h */,
			);
			path = Public;
			sourceTree = "<group>";
		};
		5511A9DA222E446800966A05 /* Objects */ = {
			isa = PBXGroup;
			children = (
				55CB04FC222E5AB500AB926E /* JSDTouchButton.h */,
				55CB04FD222E5AB500AB926E /* JSDTouchButton.m */,
			);
			path = Objects;
			sourceTree = "<group>";
		};
		5511A9DC222E46E400966A05 /* UIViewGuide */ = {
			isa = PBXGroup;
			children = (
				5511A9D0222E2AEC00966A05 /* JSDUIViewGuide.h */,
				5511A9D1222E2AEC00966A05 /* JSDUIViewGuide.m */,
				5511A9D6222E2BCB00966A05 /* JSDViewTouchPointVC.h */,
				5511A9D7222E2BCB00966A05 /* JSDViewTouchPointVC.m */,
				5536479F22428594004CAB58 /* JSDCoreGraphicsVC.h */,
				553647A022428595004CAB58 /* JSDCoreGraphicsVC.m */,
				552DF02B228ACBBB000EC19A /* JSDCALayerGuideVC.h */,
				552DF02C228ACBBB000EC19A /* JSDCALayerGuideVC.m */,
				552DF02E228BBC73000EC19A /* JSDImageSpritesVC.h */,
				552DF02F228BBC73000EC19A /* JSDImageSpritesVC.m */,
				552DF030228BBC73000EC19A /* JSDImageSpritesVC.xib */,
				552DF033228BC904000EC19A /* JSDCALayerDelegateVC.h */,
				552DF034228BC904000EC19A /* JSDCALayerDelegateVC.m */,
				552C19BD228BF105008F30F4 /* JSDCALayerClockVC.h */,
				552C19BE228BF105008F30F4 /* JSDCALayerClockVC.m */,
				552C19BF228BF105008F30F4 /* JSDCALayerClockVC.xib */,
			);
			path = UIViewGuide;
			sourceTree = "<group>";
		};
		5511A9DD222E470600966A05 /* Launch */ = {
			isa = PBXGroup;
			children = (
				55278EA321E9811A00DF745C /* AppDelegate.h */,
				55278EA421E9811A00DF745C /* AppDelegate.m */,
				5536478F223FA08D004CAB58 /* JSDHomeVC.h */,
				55364790223FA08D004CAB58 /* JSDHomeVC.m */,
				55278EA621E9811A00DF745C /* ViewController.h */,
				55278EA721E9811A00DF745C /* ViewController.m */,
			);
			path = Launch;
			sourceTree = "<group>";
		};
		55278E9721E9811A00DF745C = {
			isa = PBXGroup;
			children = (
				55278EA221E9811A00DF745C /* JSDPlayground */,
				5536477B223D0599004CAB58 /* JSDPlaygroundUITests */,
				55278EA121E9811A00DF745C /* Products */,
				91685C3062DE1DC52C8BC77E /* Pods */,
				ABA9E824C6C67311F5DBF561 /* Frameworks */,
			);
			sourceTree = "<group>";
		};
		55278EA121E9811A00DF745C /* Products */ = {
			isa = PBXGroup;
			children = (
				55278EA021E9811A00DF745C /* JSDPlayground.app */,
				5536477A223D0599004CAB58 /* JSDPlaygroundUITests.xctest */,
			);
			name = Products;
			sourceTree = "<group>";
		};
		55278EA221E9811A00DF745C /* JSDPlayground */ = {
			isa = PBXGroup;
			children = (
				55278ECA21E9967900DF745C /* Class */,
				55278EA921E9811A00DF745C /* Main.storyboard */,
				55278EAE21E9811E00DF745C /* LaunchScreen.storyboard */,
				55278EB121E9811E00DF745C /* Info.plist */,
				55EB3E0A22428AD200A1D163 /* Assets.xcassets */,
				55278EB221E9811E00DF745C /* main.m */,
				5511A9DE222E47A300966A05 /* JSDPrefix.pch */,
			);
			path = JSDPlayground;
			sourceTree = "<group>";
		};
		55278EBC21E98C6C00DF745C /* interViewTopic */ = {
			isa = PBXGroup;
			children = (
				55278EBD21E98C9000DF745C /* JSDInterViewTopic.h */,
				55278EBE21E98C9000DF745C /* JSDInterViewTopic.m */,
				55278EC521E9951E00DF745C /* JSDPerformSelectorVC.h */,
				55278EC621E9951E00DF745C /* JSDPerformSelectorVC.m */,
			);
			path = interViewTopic;
			sourceTree = "<group>";
		};
		55278EC821E9965900DF745C /* Category */ = {
			isa = PBXGroup;
			children = (
				55278ECC21E9970D00DF745C /* NSObject+JSDPerformSelector.h */,
				55278ECD21E9970D00DF745C /* NSObject+JSDPerformSelector.m */,
			);
			path = Category;
			sourceTree = "<group>";
		};
		55278ECA21E9967900DF745C /* Class */ = {
			isa = PBXGroup;
			children = (
				5511A9DD222E470600966A05 /* Launch */,
				5511A9D9222E2C7A00966A05 /* Public */,
				5511A9D3222E2B2800966A05 /* ResourceData */,
				55278ECB21E9969B00DF745C /* Module */,
				5511A9DA222E446800966A05 /* Objects */,
				55278EC821E9965900DF745C /* Category */,
			);
			path = Class;
			sourceTree = "<group>";
		};
		55278ECB21E9969B00DF745C /* Module */ = {
			isa = PBXGroup;
			children = (
				552C19C2228D020F008F30F4 /* CoreAnimation */,
				553647922240969B004CAB58 /* Timer */,
				55364788223F5085004CAB58 /* Runtime */,
				55364784223F3A3D004CAB58 /* Crash */,
				5536474C223CBE92004CAB58 /* Lock */,
				5536473F223B41EC004CAB58 /* Resource */,
				5536472222393C3A004CAB58 /* Arithmetic */,
				55F388192238DD17000CA174 /* Design */,
				55F388152238A5D8000CA174 /* RunLoop */,
				55F388082237ADD3000CA174 /* JSDMultithreading */,
				55F387FC22376CBB000CA174 /* Block */,
				55F387F02234CE1D000CA174 /* KVOKVC */,
				55F387D722336D32000CA174 /* Objective-C */,
				5511A9DC222E46E400966A05 /* UIViewGuide */,
				55278EBC21E98C6C00DF745C /* interViewTopic */,
			);
			path = Module;
			sourceTree = "<group>";
		};
		552C19C2228D020F008F30F4 /* CoreAnimation */ = {
			isa = PBXGroup;
			children = (
				552C19C3228D0222008F30F4 /* JSDCoreAnimationVC.h */,
				552C19C4228D0222008F30F4 /* JSDCoreAnimationVC.m */,
				552C19C8228D033F008F30F4 /* JSDTransformVC.h */,
				552C19C9228D033F008F30F4 /* JSDTransformVC.m */,
				552C19CB228D041A008F30F4 /* JSDSpecialLayerVC.h */,
				552C19CC228D041A008F30F4 /* JSDSpecialLayerVC.m */,
			);
			path = CoreAnimation;
			sourceTree = "<group>";
		};
		5536472222393C3A004CAB58 /* Arithmetic */ = {
			isa = PBXGroup;
			children = (
				5536472322393C49004CAB58 /* JSDArithmeticVC.h */,
				5536472422393C49004CAB58 /* JSDArithmeticVC.m */,
				5536472822393D36004CAB58 /* JSDStringReversalVC.h */,
				5536472922393D36004CAB58 /* JSDStringReversalVC.m */,
				5536472B22393D50004CAB58 /* JSDTableReversalVC.h */,
				5536472C22393D50004CAB58 /* JSDTableReversalVC.m */,
				5536472E22393D60004CAB58 /* JSDArrayMergeVC.h */,
				5536472F22393D60004CAB58 /* JSDArrayMergeVC.m */,
				5536473122393D6C004CAB58 /* JSDHashVC.h */,
				5536473222393D6C004CAB58 /* JSDHashVC.m */,
				5536473422393D78004CAB58 /* JSDSubViewVC.h */,
				5536473522393D78004CAB58 /* JSDSubViewVC.m */,
				5536479C22423D41004CAB58 /* JSDPokerVC.h */,
				5536479D22423D41004CAB58 /* JSDPokerVC.m */,
			);
			path = Arithmetic;
			sourceTree = "<group>";
		};
		5536473F223B41EC004CAB58 /* Resource */ = {
			isa = PBXGroup;
			children = (
				55364740223B41FA004CAB58 /* JSDResourceVC.h */,
				55364741223B41FA004CAB58 /* JSDResourceVC.m */,
				55364743223B43B8004CAB58 /* JSDSDWebImageVC.h */,
				55364744223B43B8004CAB58 /* JSDSDWebImageVC.m */,
				55364746223B8333004CAB58 /* JSDAFNetworkingVC.h */,
				55364747223B8333004CAB58 /* JSDAFNetworkingVC.m */,
				55364749223B8512004CAB58 /* JSDAsyncDisplayKitVC.h */,
				5536474A223B8512004CAB58 /* JSDAsyncDisplayKitVC.m */,
			);
			path = Resource;
			sourceTree = "<group>";
		};
		5536474C223CBE92004CAB58 /* Lock */ = {
			isa = PBXGroup;
			children = (
				5536474F223CBEA5004CAB58 /* JSDLockVC.h */,
				55364750223CBEA5004CAB58 /* JSDLockVC.m */,
			);
			path = Lock;
			sourceTree = "<group>";
		};
		5536477B223D0599004CAB58 /* JSDPlaygroundUITests */ = {
			isa = PBXGroup;
			children = (
				5536477C223D0599004CAB58 /* JSDPlaygroundUITests.m */,
				5536477E223D0599004CAB58 /* Info.plist */,
			);
			path = JSDPlaygroundUITests;
			sourceTree = "<group>";
		};
		55364784223F3A3D004CAB58 /* Crash */ = {
			isa = PBXGroup;
			children = (
				55364785223F3A48004CAB58 /* JSDCrashVC.h */,
				55364786223F3A48004CAB58 /* JSDCrashVC.m */,
			);
			path = Crash;
			sourceTree = "<group>";
		};
		55364788223F5085004CAB58 /* Runtime */ = {
			isa = PBXGroup;
			children = (
				55364789223F508F004CAB58 /* JSDRuntimeVC.h */,
				5536478A223F508F004CAB58 /* JSDRuntimeVC.m */,
				5536478C223F50EB004CAB58 /* JSDMessageVC.h */,
				5536478D223F50EB004CAB58 /* JSDMessageVC.m */,
			);
			path = Runtime;
			sourceTree = "<group>";
		};
		553647922240969B004CAB58 /* Timer */ = {
			isa = PBXGroup;
			children = (
				55364793224096B7004CAB58 /* JSDTimerVC.h */,
				55364794224096B7004CAB58 /* JSDTimerVC.m */,
				5536479A2240971B004CAB58 /* JSDTimerView.xib */,
			);
			path = Timer;
			sourceTree = "<group>";
		};
		55F387D722336D32000CA174 /* Objective-C */ = {
			isa = PBXGroup;
			children = (
				55F387E022337195000CA174 /* JSDObjectiveCVC.h */,
				55F387E122337195000CA174 /* JSDObjectiveCVC.m */,
				55F387D822336D52000CA174 /* JSDObjective-CVC.h */,
				55F387D922336D52000CA174 /* JSDObjective-CVC.m */,
				55F387DD22336EF8000CA174 /* JSDCategoryVC.h */,
				55F387DE22336EF8000CA174 /* JSDCategoryVC.m */,
				55F387E3223373C5000CA174 /* JSDViewController.h */,
				55F387E4223373C5000CA174 /* JSDViewController.m */,
			);
			path = "Objective-C";
			sourceTree = "<group>";
		};
		55F387F02234CE1D000CA174 /* KVOKVC */ = {
			isa = PBXGroup;
			children = (
				55F387F12234CE3F000CA174 /* JSDKVOKVCVC.h */,
				55F387F22234CE3F000CA174 /* JSDKVOKVCVC.m */,
				55F387F62234CE8F000CA174 /* JSDKVOVC.h */,
				55F387F72234CE8F000CA174 /* JSDKVOVC.m */,
				55F387F92234CE9A000CA174 /* JSDKVCVC.h */,
				55F387FA2234CE9A000CA174 /* JSDKVCVC.m */,
			);
			path = KVOKVC;
			sourceTree = "<group>";
		};
		55F387FC22376CBB000CA174 /* Block */ = {
			isa = PBXGroup;
			children = (
				55F387FD22376D5A000CA174 /* JSDBlockVC.h */,
				55F387FE22376D5A000CA174 /* JSDBlockVC.m */,
				55F3880222376DAB000CA174 /* JSDBlockGuideVC.h */,
				55F3880322376DAB000CA174 /* JSDBlockGuideVC.m */,
			);
			path = Block;
			sourceTree = "<group>";
		};
		55F388082237ADD3000CA174 /* JSDMultithreading */ = {
			isa = PBXGroup;
			children = (
				55F388092237ADE3000CA174 /* JSDMultithreadingVC.h */,
				55F3880A2237ADE3000CA174 /* JSDMultithreadingVC.m */,
				55F3880C2237AE65000CA174 /* JSDGCDVC.h */,
				55F3880D2237AE65000CA174 /* JSDGCDVC.m */,
				55F3880F2237AE9B000CA174 /* JSDNSOperationVC.h */,
				55F388102237AE9B000CA174 /* JSDNSOperationVC.m */,
				55F388122237AEBF000CA174 /* JSDNSThreadVC.h */,
				55F388132237AEBF000CA174 /* JSDNSThreadVC.m */,
			);
			path = JSDMultithreading;
			sourceTree = "<group>";
		};
		55F388152238A5D8000CA174 /* RunLoop */ = {
			isa = PBXGroup;
			children = (
				55F388162238A5EC000CA174 /* JSDRunLoopVC.h */,
				55F388172238A5EC000CA174 /* JSDRunLoopVC.m */,
			);
			path = RunLoop;
			sourceTree = "<group>";
		};
		55F388192238DD17000CA174 /* Design */ = {
			isa = PBXGroup;
			children = (
				55F3881A2238DD23000CA174 /* JSDDesignVC.h */,
				55F3881B2238DD23000CA174 /* JSDDesignVC.m */,
				55F3881F2238DDD5000CA174 /* JSDDutyChainVC.h */,
				55F388202238DDD5000CA174 /* JSDDutyChainVC.m */,
				55F388222238DE0F000CA174 /* JSDDutyManage.h */,
				55F388232238DE0F000CA174 /* JSDDutyManage.m */,
				55F388252238DE32000CA174 /* JSDDutyObject.h */,
				55F388262238DE32000CA174 /* JSDDutyObject.m */,
			);
			path = Design;
			sourceTree = "<group>";
		};
		91685C3062DE1DC52C8BC77E /* Pods */ = {
			isa = PBXGroup;
			children = (
				95C100104A81CDA30F265341 /* Pods-JSDPlayground.debug.xcconfig */,
				1942B83AA6AF0A35D7C161E1 /* Pods-JSDPlayground.release.xcconfig */,
			);
			path = Pods;
			sourceTree = "<group>";
		};
		ABA9E824C6C67311F5DBF561 /* Frameworks */ = {
			isa = PBXGroup;
			children = (
				55364752223CE6E2004CAB58 /* CoreFoundation.framework */,
				55F387E622337998000CA174 /* UIKit.framework */,
				6D4045FB9763F515E80CF679 /* libPods-JSDPlayground.a */,
			);
			name = Frameworks;
			sourceTree = "<group>";
		};
/* End PBXGroup section */

/* Begin PBXNativeTarget section */
		55278E9F21E9811A00DF745C /* JSDPlayground */ = {
			isa = PBXNativeTarget;
			buildConfigurationList = 55278EB621E9811E00DF745C /* Build configuration list for PBXNativeTarget "JSDPlayground" */;
			buildPhases = (
				A574D745F82F24EF86555C68 /* [CP] Check Pods Manifest.lock */,
				55278E9C21E9811A00DF745C /* Sources */,
				55278E9D21E9811A00DF745C /* Frameworks */,
				55278E9E21E9811A00DF745C /* Resources */,
			);
			buildRules = (
			);
			dependencies = (
			);
			name = JSDPlayground;
			productName = JSDPlayground;
			productReference = 55278EA021E9811A00DF745C /* JSDPlayground.app */;
			productType = "com.apple.product-type.application";
		};
		55364779223D0599004CAB58 /* JSDPlaygroundUITests */ = {
			isa = PBXNativeTarget;
			buildConfigurationList = 55364781223D0599004CAB58 /* Build configuration list for PBXNativeTarget "JSDPlaygroundUITests" */;
			buildPhases = (
				55364776223D0599004CAB58 /* Sources */,
				55364777223D0599004CAB58 /* Frameworks */,
				55364778223D0599004CAB58 /* Resources */,
			);
			buildRules = (
			);
			dependencies = (
				55364780223D0599004CAB58 /* PBXTargetDependency */,
			);
			name = JSDPlaygroundUITests;
			productName = JSDPlaygroundUITests;
			productReference = 5536477A223D0599004CAB58 /* JSDPlaygroundUITests.xctest */;
			productType = "com.apple.product-type.bundle.ui-testing";
		};
/* End PBXNativeTarget section */

/* Begin PBXProject section */
		55278E9821E9811A00DF745C /* Project object */ = {
			isa = PBXProject;
			attributes = {
				LastUpgradeCheck = 1010;
				ORGANIZATIONNAME = Jersey;
				TargetAttributes = {
					55278E9F21E9811A00DF745C = {
						CreatedOnToolsVersion = 10.1;
					};
					55364779223D0599004CAB58 = {
						CreatedOnToolsVersion = 10.1;
						TestTargetID = 55278E9F21E9811A00DF745C;
					};
				};
			};
			buildConfigurationList = 55278E9B21E9811A00DF745C /* Build configuration list for PBXProject "JSDPlayground" */;
			compatibilityVersion = "Xcode 9.3";
			developmentRegion = en;
			hasScannedForEncodings = 0;
			knownRegions = (
				en,
				Base,
			);
			mainGroup = 55278E9721E9811A00DF745C;
			productRefGroup = 55278EA121E9811A00DF745C /* Products */;
			projectDirPath = "";
			projectRoot = "";
			targets = (
				55278E9F21E9811A00DF745C /* JSDPlayground */,
				55364779223D0599004CAB58 /* JSDPlaygroundUITests */,
			);
		};
/* End PBXProject section */

/* Begin PBXResourcesBuildPhase section */
		55278E9E21E9811A00DF745C /* Resources */ = {
			isa = PBXResourcesBuildPhase;
			buildActionMask = 2147483647;
			files = (
				5536472722393C89004CAB58 /* JSDArithmetic.plist in Resources */,
				55278EB021E9811E00DF745C /* LaunchScreen.storyboard in Resources */,
				55278EC121E98CAF00DF745C /* JSDInterViewTopic.plist in Resources */,
				55F3880122376D75000CA174 /* JSDBlock.plist in Resources */,
				55EB3E0B22428AD200A1D163 /* Assets.xcassets in Resources */,
				55F388072237ADC0000CA174 /* JSDMultithreading.plist in Resources */,
				5536479B2240971B004CAB58 /* JSDTimerView.xib in Resources */,
				55F387F52234CE53000CA174 /* KVOKVC.plist in Resources */,
				5511A9D5222E2B4B00966A05 /* JSDUIViewGuide.plist in Resources */,
				5536474E223CBE9B004CAB58 /* JSDLock.plist in Resources */,
				5536473E223B41CD004CAB58 /* JSDResource.plist in Resources */,
				552C19C1228BF105008F30F4 /* JSDCALayerClockVC.xib in Resources */,
				55F3881E2238DD72000CA174 /* JSDDesign.plist in Resources */,
				55F387DC22336DEC000CA174 /* JSDObjective-C Guide.plist in Resources */,
				552C19C7228D02C4008F30F4 /* JSDCoreAnimation.plist in Resources */,
				552DF032228BBC73000EC19A /* JSDImageSpritesVC.xib in Resources */,
				55278EBA21E9887700DF745C /* JSDCatalog.plist in Resources */,
				55278EAB21E9811A00DF745C /* Main.storyboard in Resources */,
			);
			runOnlyForDeploymentPostprocessing = 0;
		};
		55364778223D0599004CAB58 /* Resources */ = {
			isa = PBXResourcesBuildPhase;
			buildActionMask = 2147483647;
			files = (
			);
			runOnlyForDeploymentPostprocessing = 0;
		};
/* End PBXResourcesBuildPhase section */

/* Begin PBXShellScriptBuildPhase section */
		A574D745F82F24EF86555C68 /* [CP] Check Pods Manifest.lock */ = {
			isa = PBXShellScriptBuildPhase;
			buildActionMask = 2147483647;
			files = (
			);
			inputFileListPaths = (
			);
			inputPaths = (
				"${PODS_PODFILE_DIR_PATH}/Podfile.lock",
				"${PODS_ROOT}/Manifest.lock",
			);
			name = "[CP] Check Pods Manifest.lock";
			outputFileListPaths = (
			);
			outputPaths = (
				"$(DERIVED_FILE_DIR)/Pods-JSDPlayground-checkManifestLockResult.txt",
			);
			runOnlyForDeploymentPostprocessing = 0;
			shellPath = /bin/sh;
			shellScript = "diff \"${PODS_PODFILE_DIR_PATH}/Podfile.lock\" \"${PODS_ROOT}/Manifest.lock\" > /dev/null\nif [ $? != 0 ] ; then\n    # print error to STDERR\n    echo \"error: The sandbox is not in sync with the Podfile.lock. Run 'pod install' or update your CocoaPods installation.\" >&2\n    exit 1\nfi\n# This output is used by Xcode 'outputs' to avoid re-running this script phase.\necho \"SUCCESS\" > \"${SCRIPT_OUTPUT_FILE_0}\"\n";
			showEnvVarsInLog = 0;
		};
/* End PBXShellScriptBuildPhase section */

/* Begin PBXSourcesBuildPhase section */
		55278E9C21E9811A00DF745C /* Sources */ = {
			isa = PBXSourcesBuildPhase;
			buildActionMask = 2147483647;
			files = (
				55F388242238DE0F000CA174 /* JSDDutyManage.m in Sources */,
				55278EA821E9811A00DF745C /* ViewController.m in Sources */,
				552DF02D228ACBBB000EC19A /* JSDCALayerGuideVC.m in Sources */,
				55278EB321E9811E00DF745C /* main.m in Sources */,
				55F388182238A5EC000CA174 /* JSDRunLoopVC.m in Sources */,
				55F388272238DE32000CA174 /* JSDDutyObject.m in Sources */,
				5536472D22393D50004CAB58 /* JSDTableReversalVC.m in Sources */,
				55F387E222337195000CA174 /* JSDObjectiveCVC.m in Sources */,
				55278EA521E9811A00DF745C /* AppDelegate.m in Sources */,
				55CB04FE222E5AB500AB926E /* JSDTouchButton.m in Sources */,
				5511A9D2222E2AEC00966A05 /* JSDUIViewGuide.m in Sources */,
				55364791223FA08D004CAB58 /* JSDHomeVC.m in Sources */,
				55364745223B43B8004CAB58 /* JSDSDWebImageVC.m in Sources */,
				55278EC721E9951E00DF745C /* JSDPerformSelectorVC.m in Sources */,
				55F3881C2238DD23000CA174 /* JSDDesignVC.m in Sources */,
				55F3880422376DAB000CA174 /* JSDBlockGuideVC.m in Sources */,
				55F387DA22336D52000CA174 /* JSDObjective-CVC.m in Sources */,
				55F387FF22376D5A000CA174 /* JSDBlockVC.m in Sources */,
				5536478E223F50EB004CAB58 /* JSDMessageVC.m in Sources */,
				55364795224096B7004CAB58 /* JSDTimerVC.m in Sources */,
				5511A9D8222E2BCB00966A05 /* JSDViewTouchPointVC.m in Sources */,
				552DF031228BBC73000EC19A /* JSDImageSpritesVC.m in Sources */,
				55F388112237AE9B000CA174 /* JSDNSOperationVC.m in Sources */,
				55F3880B2237ADE3000CA174 /* JSDMultithreadingVC.m in Sources */,
				552C19CD228D041A008F30F4 /* JSDSpecialLayerVC.m in Sources */,
				55364748223B8333004CAB58 /* JSDAFNetworkingVC.m in Sources */,
				55278EC421E9909A00DF745C /* JSDCommandModel.m in Sources */,
				553647A122428595004CAB58 /* JSDCoreGraphicsVC.m in Sources */,
				55F388212238DDD5000CA174 /* JSDDutyChainVC.m in Sources */,
				55278ECE21E9970D00DF745C /* NSObject+JSDPerformSelector.m in Sources */,
				55364742223B41FA004CAB58 /* JSDResourceVC.m in Sources */,
				5536473022393D60004CAB58 /* JSDArrayMergeVC.m in Sources */,
				5536474B223B8512004CAB58 /* JSDAsyncDisplayKitVC.m in Sources */,
				552C19C5228D0222008F30F4 /* JSDCoreAnimationVC.m in Sources */,
				55364787223F3A48004CAB58 /* JSDCrashVC.m in Sources */,
				55F387DF22336EF8000CA174 /* JSDCategoryVC.m in Sources */,
				55F387E5223373C5000CA174 /* JSDViewController.m in Sources */,
				5536478B223F508F004CAB58 /* JSDRuntimeVC.m in Sources */,
				55278EBF21E98C9000DF745C /* JSDInterViewTopic.m in Sources */,
				55F388142237AEBF000CA174 /* JSDNSThreadVC.m in Sources */,
				55F387F32234CE3F000CA174 /* JSDKVOKVCVC.m in Sources */,
				5536473322393D6C004CAB58 /* JSDHashVC.m in Sources */,
				55364751223CBEA5004CAB58 /* JSDLockVC.m in Sources */,
				5536479E22423D41004CAB58 /* JSDPokerVC.m in Sources */,
				55F387F82234CE8F000CA174 /* JSDKVOVC.m in Sources */,
				5536472522393C49004CAB58 /* JSDArithmeticVC.m in Sources */,
				55F3880E2237AE65000CA174 /* JSDGCDVC.m in Sources */,
				552C19C0228BF105008F30F4 /* JSDCALayerClockVC.m in Sources */,
				55F387FB2234CE9A000CA174 /* JSDKVCVC.m in Sources */,
				552DF035228BC904000EC19A /* JSDCALayerDelegateVC.m in Sources */,
				552C19CA228D033F008F30F4 /* JSDTransformVC.m in Sources */,
				5536473622393D78004CAB58 /* JSDSubViewVC.m in Sources */,
				5536472A22393D36004CAB58 /* JSDStringReversalVC.m in Sources */,
			);
			runOnlyForDeploymentPostprocessing = 0;
		};
		55364776223D0599004CAB58 /* Sources */ = {
			isa = PBXSourcesBuildPhase;
			buildActionMask = 2147483647;
			files = (
				5536477D223D0599004CAB58 /* JSDPlaygroundUITests.m in Sources */,
			);
			runOnlyForDeploymentPostprocessing = 0;
		};
/* End PBXSourcesBuildPhase section */

/* Begin PBXTargetDependency section */
		55364780223D0599004CAB58 /* PBXTargetDependency */ = {
			isa = PBXTargetDependency;
			target = 55278E9F21E9811A00DF745C /* JSDPlayground */;
			targetProxy = 5536477F223D0599004CAB58 /* PBXContainerItemProxy */;
		};
/* End PBXTargetDependency section */

/* Begin PBXVariantGroup section */
		55278EA921E9811A00DF745C /* Main.storyboard */ = {
			isa = PBXVariantGroup;
			children = (
				55278EAA21E9811A00DF745C /* Base */,
			);
			name = Main.storyboard;
			sourceTree = "<group>";
		};
		55278EAE21E9811E00DF745C /* LaunchScreen.storyboard */ = {
			isa = PBXVariantGroup;
			children = (
				55278EAF21E9811E00DF745C /* Base */,
			);
			name = LaunchScreen.storyboard;
			sourceTree = "<group>";
		};
/* End PBXVariantGroup section */

/* Begin XCBuildConfiguration section */
		55278EB421E9811E00DF745C /* Debug */ = {
			isa = XCBuildConfiguration;
			buildSettings = {
				ALWAYS_SEARCH_USER_PATHS = NO;
				CLANG_ANALYZER_NONNULL = YES;
				CLANG_ANALYZER_NUMBER_OBJECT_CONVERSION = YES_AGGRESSIVE;
				CLANG_CXX_LANGUAGE_STANDARD = "gnu++14";
				CLANG_CXX_LIBRARY = "libc++";
				CLANG_ENABLE_MODULES = YES;
				CLANG_ENABLE_OBJC_ARC = YES;
				CLANG_ENABLE_OBJC_WEAK = YES;
				CLANG_WARN_BLOCK_CAPTURE_AUTORELEASING = YES;
				CLANG_WARN_BOOL_CONVERSION = YES;
				CLANG_WARN_COMMA = YES;
				CLANG_WARN_CONSTANT_CONVERSION = YES;
				CLANG_WARN_DEPRECATED_OBJC_IMPLEMENTATIONS = YES;
				CLANG_WARN_DIRECT_OBJC_ISA_USAGE = YES_ERROR;
				CLANG_WARN_DOCUMENTATION_COMMENTS = YES;
				CLANG_WARN_EMPTY_BODY = YES;
				CLANG_WARN_ENUM_CONVERSION = YES;
				CLANG_WARN_INFINITE_RECURSION = YES;
				CLANG_WARN_INT_CONVERSION = YES;
				CLANG_WARN_NON_LITERAL_NULL_CONVERSION = YES;
				CLANG_WARN_OBJC_IMPLICIT_RETAIN_SELF = YES;
				CLANG_WARN_OBJC_LITERAL_CONVERSION = YES;
				CLANG_WARN_OBJC_ROOT_CLASS = YES_ERROR;
				CLANG_WARN_RANGE_LOOP_ANALYSIS = YES;
				CLANG_WARN_STRICT_PROTOTYPES = YES;
				CLANG_WARN_SUSPICIOUS_MOVE = YES;
				CLANG_WARN_UNGUARDED_AVAILABILITY = YES_AGGRESSIVE;
				CLANG_WARN_UNREACHABLE_CODE = YES;
				CLANG_WARN__DUPLICATE_METHOD_MATCH = YES;
				CODE_SIGN_IDENTITY = "iPhone Developer";
				COPY_PHASE_STRIP = NO;
				DEBUG_INFORMATION_FORMAT = dwarf;
				ENABLE_STRICT_OBJC_MSGSEND = YES;
				ENABLE_TESTABILITY = YES;
				GCC_C_LANGUAGE_STANDARD = gnu11;
				GCC_DYNAMIC_NO_PIC = NO;
				GCC_NO_COMMON_BLOCKS = YES;
				GCC_OPTIMIZATION_LEVEL = 0;
				GCC_PREPROCESSOR_DEFINITIONS = (
					"DEBUG=1",
					"$(inherited)",
				);
				GCC_WARN_64_TO_32_BIT_CONVERSION = YES;
				GCC_WARN_ABOUT_RETURN_TYPE = YES_ERROR;
				GCC_WARN_UNDECLARED_SELECTOR = YES;
				GCC_WARN_UNINITIALIZED_AUTOS = YES_AGGRESSIVE;
				GCC_WARN_UNUSED_FUNCTION = YES;
				GCC_WARN_UNUSED_VARIABLE = YES;
				IPHONEOS_DEPLOYMENT_TARGET = 12.1;
				MTL_ENABLE_DEBUG_INFO = INCLUDE_SOURCE;
				MTL_FAST_MATH = YES;
				ONLY_ACTIVE_ARCH = YES;
				SDKROOT = iphoneos;
			};
			name = Debug;
		};
		55278EB521E9811E00DF745C /* Release */ = {
			isa = XCBuildConfiguration;
			buildSettings = {
				ALWAYS_SEARCH_USER_PATHS = NO;
				CLANG_ANALYZER_NONNULL = YES;
				CLANG_ANALYZER_NUMBER_OBJECT_CONVERSION = YES_AGGRESSIVE;
				CLANG_CXX_LANGUAGE_STANDARD = "gnu++14";
				CLANG_CXX_LIBRARY = "libc++";
				CLANG_ENABLE_MODULES = YES;
				CLANG_ENABLE_OBJC_ARC = YES;
				CLANG_ENABLE_OBJC_WEAK = YES;
				CLANG_WARN_BLOCK_CAPTURE_AUTORELEASING = YES;
				CLANG_WARN_BOOL_CONVERSION = YES;
				CLANG_WARN_COMMA = YES;
				CLANG_WARN_CONSTANT_CONVERSION = YES;
				CLANG_WARN_DEPRECATED_OBJC_IMPLEMENTATIONS = YES;
				CLANG_WARN_DIRECT_OBJC_ISA_USAGE = YES_ERROR;
				CLANG_WARN_DOCUMENTATION_COMMENTS = YES;
				CLANG_WARN_EMPTY_BODY = YES;
				CLANG_WARN_ENUM_CONVERSION = YES;
				CLANG_WARN_INFINITE_RECURSION = YES;
				CLANG_WARN_INT_CONVERSION = YES;
				CLANG_WARN_NON_LITERAL_NULL_CONVERSION = YES;
				CLANG_WARN_OBJC_IMPLICIT_RETAIN_SELF = YES;
				CLANG_WARN_OBJC_LITERAL_CONVERSION = YES;
				CLANG_WARN_OBJC_ROOT_CLASS = YES_ERROR;
				CLANG_WARN_RANGE_LOOP_ANALYSIS = YES;
				CLANG_WARN_STRICT_PROTOTYPES = YES;
				CLANG_WARN_SUSPICIOUS_MOVE = YES;
				CLANG_WARN_UNGUARDED_AVAILABILITY = YES_AGGRESSIVE;
				CLANG_WARN_UNREACHABLE_CODE = YES;
				CLANG_WARN__DUPLICATE_METHOD_MATCH = YES;
				CODE_SIGN_IDENTITY = "iPhone Developer";
				COPY_PHASE_STRIP = NO;
				DEBUG_INFORMATION_FORMAT = "dwarf-with-dsym";
				ENABLE_NS_ASSERTIONS = NO;
				ENABLE_STRICT_OBJC_MSGSEND = YES;
				GCC_C_LANGUAGE_STANDARD = gnu11;
				GCC_NO_COMMON_BLOCKS = YES;
				GCC_WARN_64_TO_32_BIT_CONVERSION = YES;
				GCC_WARN_ABOUT_RETURN_TYPE = YES_ERROR;
				GCC_WARN_UNDECLARED_SELECTOR = YES;
				GCC_WARN_UNINITIALIZED_AUTOS = YES_AGGRESSIVE;
				GCC_WARN_UNUSED_FUNCTION = YES;
				GCC_WARN_UNUSED_VARIABLE = YES;
				IPHONEOS_DEPLOYMENT_TARGET = 12.1;
				MTL_ENABLE_DEBUG_INFO = NO;
				MTL_FAST_MATH = YES;
				SDKROOT = iphoneos;
				VALIDATE_PRODUCT = YES;
			};
			name = Release;
		};
		55278EB721E9811E00DF745C /* Debug */ = {
			isa = XCBuildConfiguration;
			baseConfigurationReference = 95C100104A81CDA30F265341 /* Pods-JSDPlayground.debug.xcconfig */;
			buildSettings = {
				ASSETCATALOG_COMPILER_APPICON_NAME = AppIcon;
				CODE_SIGN_STYLE = Automatic;
				DEVELOPMENT_TEAM = J4D5D57QCL;
				GCC_INCREASE_PRECOMPILED_HEADER_SHARING = NO;
				GCC_PRECOMPILE_PREFIX_HEADER = NO;
				GCC_PREFIX_HEADER = "$(SRCROOT)/JSDPlayground/JSDPrefix.pch";
				HEADER_SEARCH_PATHS = (
					"$(inherited)",
					"\"${PODS_ROOT}/Headers/Public\"",
					"\"${PODS_ROOT}/Headers/Public/AFNetworking\"",
					"\"${PODS_ROOT}/Headers/Public/Masonry\"",
					"\"${PODS_ROOT}/Headers/Public/PINCache\"",
					"\"${PODS_ROOT}/Headers/Public/PINOperation\"",
					"\"${PODS_ROOT}/Headers/Public/PINRemoteImage\"",
					"\"${PODS_ROOT}/Headers/Public/SDWebImage\"",
					"\"${PODS_ROOT}/Headers/Public/Texture\"",
					"\"${PODS_ROOT}/Headers/Public/XXShield\"",
				);
				INFOPLIST_FILE = JSDPlayground/Info.plist;
				LD_RUNPATH_SEARCH_PATHS = (
					"$(inherited)",
					"@executable_path/Frameworks",
				);
				PRODUCT_BUNDLE_IDENTIFIER = com.jerseyCafe.JSDPlayground;
				PRODUCT_NAME = "$(TARGET_NAME)";
				TARGETED_DEVICE_FAMILY = "1,2";
			};
			name = Debug;
		};
		55278EB821E9811E00DF745C /* Release */ = {
			isa = XCBuildConfiguration;
			baseConfigurationReference = 1942B83AA6AF0A35D7C161E1 /* Pods-JSDPlayground.release.xcconfig */;
			buildSettings = {
				ASSETCATALOG_COMPILER_APPICON_NAME = AppIcon;
				CODE_SIGN_STYLE = Automatic;
				DEVELOPMENT_TEAM = J4D5D57QCL;
				GCC_INCREASE_PRECOMPILED_HEADER_SHARING = NO;
				GCC_PRECOMPILE_PREFIX_HEADER = NO;
				GCC_PREFIX_HEADER = "$(SRCROOT)/JSDPlayground/JSDPrefix.pch";
				HEADER_SEARCH_PATHS = (
					"$(inherited)",
					"\"${PODS_ROOT}/Headers/Public\"",
					"\"${PODS_ROOT}/Headers/Public/AFNetworking\"",
					"\"${PODS_ROOT}/Headers/Public/Masonry\"",
					"\"${PODS_ROOT}/Headers/Public/PINCache\"",
					"\"${PODS_ROOT}/Headers/Public/PINOperation\"",
					"\"${PODS_ROOT}/Headers/Public/PINRemoteImage\"",
					"\"${PODS_ROOT}/Headers/Public/SDWebImage\"",
					"\"${PODS_ROOT}/Headers/Public/Texture\"",
					"\"${PODS_ROOT}/Headers/Public/XXShield\"",
				);
				INFOPLIST_FILE = JSDPlayground/Info.plist;
				LD_RUNPATH_SEARCH_PATHS = (
					"$(inherited)",
					"@executable_path/Frameworks",
				);
				PRODUCT_BUNDLE_IDENTIFIER = com.jerseyCafe.JSDPlayground;
				PRODUCT_NAME = "$(TARGET_NAME)";
				TARGETED_DEVICE_FAMILY = "1,2";
			};
			name = Release;
		};
		55364782223D0599004CAB58 /* Debug */ = {
			isa = XCBuildConfiguration;
			buildSettings = {
				CODE_SIGN_STYLE = Automatic;
				DEVELOPMENT_TEAM = J4D5D57QCL;
				INFOPLIST_FILE = JSDPlaygroundUITests/Info.plist;
				LD_RUNPATH_SEARCH_PATHS = (
					"$(inherited)",
					"@executable_path/Frameworks",
					"@loader_path/Frameworks",
				);
				PRODUCT_BUNDLE_IDENTIFIER = com.jerseyCafe.JSDPlaygroundUITests;
				PRODUCT_NAME = "$(TARGET_NAME)";
				TARGETED_DEVICE_FAMILY = "1,2";
				TEST_TARGET_NAME = JSDPlayground;
			};
			name = Debug;
		};
		55364783223D0599004CAB58 /* Release */ = {
			isa = XCBuildConfiguration;
			buildSettings = {
				CODE_SIGN_STYLE = Automatic;
				DEVELOPMENT_TEAM = J4D5D57QCL;
				INFOPLIST_FILE = JSDPlaygroundUITests/Info.plist;
				LD_RUNPATH_SEARCH_PATHS = (
					"$(inherited)",
					"@executable_path/Frameworks",
					"@loader_path/Frameworks",
				);
				PRODUCT_BUNDLE_IDENTIFIER = com.jerseyCafe.JSDPlaygroundUITests;
				PRODUCT_NAME = "$(TARGET_NAME)";
				TARGETED_DEVICE_FAMILY = "1,2";
				TEST_TARGET_NAME = JSDPlayground;
			};
			name = Release;
		};
/* End XCBuildConfiguration section */

/* Begin XCConfigurationList section */
		55278E9B21E9811A00DF745C /* Build configuration list for PBXProject "JSDPlayground" */ = {
			isa = XCConfigurationList;
			buildConfigurations = (
				55278EB421E9811E00DF745C /* Debug */,
				55278EB521E9811E00DF745C /* Release */,
			);
			defaultConfigurationIsVisible = 0;
			defaultConfigurationName = Release;
		};
		55278EB621E9811E00DF745C /* Build configuration list for PBXNativeTarget "JSDPlayground" */ = {
			isa = XCConfigurationList;
			buildConfigurations = (
				55278EB721E9811E00DF745C /* Debug */,
				55278EB821E9811E00DF745C /* Release */,
			);
			defaultConfigurationIsVisible = 0;
			defaultConfigurationName = Release;
		};
		55364781223D0599004CAB58 /* Build configuration list for PBXNativeTarget "JSDPlaygroundUITests" */ = {
			isa = XCConfigurationList;
			buildConfigurations = (
				55364782223D0599004CAB58 /* Debug */,
				55364783223D0599004CAB58 /* Release */,
			);
			defaultConfigurationIsVisible = 0;
			defaultConfigurationName = Release;
		};
/* End XCConfigurationList section */
	};
	rootObject = 55278E9821E9811A00DF745C /* Project object */;
}
